// !$*UTF8*$!
{
	archiveVersion = 1;
	classes = {
	};
	objectVersion = 56;
	objects = {

/* Begin PBXBuildFile section */
		381045C52AB73A9700432F68 /* CodeMaster-Version-Control-Kit in Frameworks */ = {isa = PBXBuildFile; productRef = 381045C42AB73A9700432F68 /* CodeMaster-Version-Control-Kit */; };
		381045E02AB73BDE00432F68 /* FinderSync.swift in Sources */ = {isa = PBXBuildFile; fileRef = 381045DF2AB73BDE00432F68 /* FinderSync.swift */; };
		381045E52AB73BDE00432F68 /* OpenWithCodeMaster.appex in Embed Foundation Extensions */ = {isa = PBXBuildFile; fileRef = 381045DD2AB73BDE00432F68 /* OpenWithCodeMaster.appex */; settings = {ATTRIBUTES = (RemoveHeadersOnCopy, ); }; };
		381045EA2AB73C0700432F68 /* Media.xcassets in Resources */ = {isa = PBXBuildFile; fileRef = 381045E92AB73C0700432F68 /* Media.xcassets */; };
		381045EC2AB7458F00432F68 /* Alpha.xcconfig in Resources */ = {isa = PBXBuildFile; fileRef = 381045EB2AB7458F00432F68 /* Alpha.xcconfig */; };
		381045EE2AB745BC00432F68 /* Beta.xcconfig in Resources */ = {isa = PBXBuildFile; fileRef = 381045ED2AB745BC00432F68 /* Beta.xcconfig */; };
		3833AB9A2AB77D2000D806C6 /* ShellClient.swift in Sources */ = {isa = PBXBuildFile; fileRef = 3833AB992AB77D2000D806C6 /* ShellClient.swift */; };
		3833AB9D2AB77DA200D806C6 /* Glob in Frameworks */ = {isa = PBXBuildFile; productRef = 3833AB9C2AB77DA200D806C6 /* Glob */; };
		3833ABA02AB77E2400D806C6 /* InlineSnapshotTesting in Frameworks */ = {isa = PBXBuildFile; productRef = 3833AB9F2AB77E2400D806C6 /* InlineSnapshotTesting */; };
		3833ABA22AB77E2400D806C6 /* SnapshotTesting in Frameworks */ = {isa = PBXBuildFile; productRef = 3833ABA12AB77E2400D806C6 /* SnapshotTesting */; };
		383527662AB62AE200E2DD12 /* SwiftTerm in Frameworks */ = {isa = PBXBuildFile; productRef = 383527652AB62AE200E2DD12 /* SwiftTerm */; };
		383527682AB62AE200E2DD12 /* SwiftTermFuzz in Frameworks */ = {isa = PBXBuildFile; productRef = 383527672AB62AE200E2DD12 /* SwiftTermFuzz */; };
		383527902AB643B500E2DD12 /* Documentation.docc in Sources */ = {isa = PBXBuildFile; fileRef = 3835278F2AB643B500E2DD12 /* Documentation.docc */; };
		383527922AB644EC00E2DD12 /* TerminalEmulatorView.swift in Sources */ = {isa = PBXBuildFile; fileRef = 383527912AB644EC00E2DD12 /* TerminalEmulatorView.swift */; };
		385CD4342AB608340004A323 /* CodeMasterSymbols in Frameworks */ = {isa = PBXBuildFile; productRef = 385CD4332AB608340004A323 /* CodeMasterSymbols */; };
		386C4BE02AC701FF00405697 /* CodeFile.swift in Sources */ = {isa = PBXBuildFile; fileRef = 386C4BDF2AC701FF00405697 /* CodeFile.swift */; };
		386C4BE22AC7023500405697 /* CodeFileView.swift in Sources */ = {isa = PBXBuildFile; fileRef = 386C4BE12AC7023500405697 /* CodeFileView.swift */; };
		386C4BE42AC7028300405697 /* WindowCodeFileView.swift in Sources */ = {isa = PBXBuildFile; fileRef = 386C4BE32AC7028300405697 /* WindowCodeFileView.swift */; };
		386C4BE62AC7029E00405697 /* ImageFileView.swift in Sources */ = {isa = PBXBuildFile; fileRef = 386C4BE52AC7029E00405697 /* ImageFileView.swift */; };
		386C4BE82AC7033E00405697 /* OtherFileView.swift in Sources */ = {isa = PBXBuildFile; fileRef = 386C4BE72AC7033E00405697 /* OtherFileView.swift */; };
		387989482ABF6E4400A4B178 /* Bookmark.swift in Sources */ = {isa = PBXBuildFile; fileRef = 387989472ABF6E4400A4B178 /* Bookmark.swift */; };
		3881EB3C2ABEF340002C09EA /* Info.plist in Resources */ = {isa = PBXBuildFile; fileRef = 3881EB3B2ABEF340002C09EA /* Info.plist */; };
		3881EB3F2ABEF591002C09EA /* Sparkle in Frameworks */ = {isa = PBXBuildFile; productRef = 3881EB3E2ABEF591002C09EA /* Sparkle */; };
		3881EB422ABEF8FA002C09EA /* SoftwareUpdater.swift in Sources */ = {isa = PBXBuildFile; fileRef = 3881EB412ABEF8FA002C09EA /* SoftwareUpdater.swift */; };
		3881EB462ABEFA39002C09EA /* MainCommands.swift in Sources */ = {isa = PBXBuildFile; fileRef = 3881EB452ABEFA39002C09EA /* MainCommands.swift */; };
		3896C82F2AB8CBFC00C348AC /* TerminalEmulatorView+Coordinator.swift in Sources */ = {isa = PBXBuildFile; fileRef = 3896C82E2AB8CBFC00C348AC /* TerminalEmulatorView+Coordinator.swift */; };
		38B1D00F2AB772F30088A744 /* WindowManagement in Frameworks */ = {isa = PBXBuildFile; productRef = 38B1D00E2AB772F30088A744 /* WindowManagement */; };
		38B1D0122AB773750088A744 /* AnyCodable in Frameworks */ = {isa = PBXBuildFile; productRef = 38B1D0112AB773750088A744 /* AnyCodable */; };
		38B1D0152AB774BB0088A744 /* WelcomeWindow.swift in Sources */ = {isa = PBXBuildFile; fileRef = 38B1D0142AB774BB0088A744 /* WelcomeWindow.swift */; };
		38B1D0172AB774D10088A744 /* WelcomeWindowView.swift in Sources */ = {isa = PBXBuildFile; fileRef = 38B1D0162AB774D10088A744 /* WelcomeWindowView.swift */; };
		38B1D0192AB774DC0088A744 /* WelcomeView.swift in Sources */ = {isa = PBXBuildFile; fileRef = 38B1D0182AB774DC0088A744 /* WelcomeView.swift */; };
		38B1D01B2AB775030088A744 /* WelcomeActionView.swift in Sources */ = {isa = PBXBuildFile; fileRef = 38B1D01A2AB775030088A744 /* WelcomeActionView.swift */; };
		38B1D01D2AB7751E0088A744 /* RecentProjectsListView.swift in Sources */ = {isa = PBXBuildFile; fileRef = 38B1D01C2AB7751E0088A744 /* RecentProjectsListView.swift */; };
		38B1D01F2AB7752E0088A744 /* RecentProjectItem.swift in Sources */ = {isa = PBXBuildFile; fileRef = 38B1D01E2AB7752E0088A744 /* RecentProjectItem.swift */; };
		38BD3A292AC5E84800C125E5 /* AppDelegate.swift in Sources */ = {isa = PBXBuildFile; fileRef = 38BD3A282AC5E84800C125E5 /* AppDelegate.swift */; };
		38BD3A2B2AC5E92D00C125E5 /* SceneID.swift in Sources */ = {isa = PBXBuildFile; fileRef = 38BD3A2A2AC5E92D00C125E5 /* SceneID.swift */; };
		38BD3A2D2AC5E95C00C125E5 /* World.swift in Sources */ = {isa = PBXBuildFile; fileRef = 38BD3A2C2AC5E95C00C125E5 /* World.swift */; };
		38CF95642ABB6BB800BE6BA2 /* IDETemplateMacros.plist in Resources */ = {isa = PBXBuildFile; fileRef = 38CF95632ABB6BB800BE6BA2 /* IDETemplateMacros.plist */; };
		38DD39892AC4AB4800EE1214 /* CMLLDB in Frameworks */ = {isa = PBXBuildFile; productRef = 38DD39882AC4AB4800EE1214 /* CMLLDB */; };
		38EEB8C62ABB72AB00B5B7D2 /* MainMenu.xib in Resources */ = {isa = PBXBuildFile; fileRef = 38EEB8C52ABB72AB00B5B7D2 /* MainMenu.xib */; };
		38EF62742ABEFF2A006A3D56 /* CMLiveCollab in Frameworks */ = {isa = PBXBuildFile; productRef = 38EF62732ABEFF2A006A3D56 /* CMLiveCollab */; };
		38F09F382AB5F413005AD507 /* CodeMasterApp.swift in Sources */ = {isa = PBXBuildFile; fileRef = 38F09F372AB5F413005AD507 /* CodeMasterApp.swift */; };
		38F09F3A2AB5F413005AD507 /* ContentView.swift in Sources */ = {isa = PBXBuildFile; fileRef = 38F09F392AB5F413005AD507 /* ContentView.swift */; };
		38F09F3C2AB5F416005AD507 /* Assets.xcassets in Resources */ = {isa = PBXBuildFile; fileRef = 38F09F3B2AB5F416005AD507 /* Assets.xcassets */; };
		38F09F3F2AB5F416005AD507 /* Preview Assets.xcassets in Resources */ = {isa = PBXBuildFile; fileRef = 38F09F3E2AB5F416005AD507 /* Preview Assets.xcassets */; };
		38F09F4A2AB5F416005AD507 /* CodeMasterTests.swift in Sources */ = {isa = PBXBuildFile; fileRef = 38F09F492AB5F416005AD507 /* CodeMasterTests.swift */; };
		38F09F542AB5F416005AD507 /* CodeMasterUITests.swift in Sources */ = {isa = PBXBuildFile; fileRef = 38F09F532AB5F416005AD507 /* CodeMasterUITests.swift */; };
		38F09F562AB5F416005AD507 /* CodeMasterUITestsLaunchTests.swift in Sources */ = {isa = PBXBuildFile; fileRef = 38F09F552AB5F416005AD507 /* CodeMasterUITestsLaunchTests.swift */; };
/* End PBXBuildFile section */

/* Begin PBXContainerItemProxy section */
		381045E32AB73BDE00432F68 /* PBXContainerItemProxy */ = {
			isa = PBXContainerItemProxy;
			containerPortal = 38F09F2C2AB5F413005AD507 /* Project object */;
			proxyType = 1;
			remoteGlobalIDString = 381045DC2AB73BDE00432F68;
			remoteInfo = OpenWithCodeMaster;
		};
		38F09F462AB5F416005AD507 /* PBXContainerItemProxy */ = {
			isa = PBXContainerItemProxy;
			containerPortal = 38F09F2C2AB5F413005AD507 /* Project object */;
			proxyType = 1;
			remoteGlobalIDString = 38F09F332AB5F413005AD507;
			remoteInfo = CodeMaster;
		};
		38F09F502AB5F416005AD507 /* PBXContainerItemProxy */ = {
			isa = PBXContainerItemProxy;
			containerPortal = 38F09F2C2AB5F413005AD507 /* Project object */;
			proxyType = 1;
			remoteGlobalIDString = 38F09F332AB5F413005AD507;
			remoteInfo = CodeMaster;
		};
/* End PBXContainerItemProxy section */

/* Begin PBXCopyFilesBuildPhase section */
		381045D82AB73B9900432F68 /* Embed Foundation Extensions */ = {
			isa = PBXCopyFilesBuildPhase;
			buildActionMask = 2147483647;
			dstPath = "";
			dstSubfolderSpec = 13;
			files = (
				381045E52AB73BDE00432F68 /* OpenWithCodeMaster.appex in Embed Foundation Extensions */,
			);
			name = "Embed Foundation Extensions";
			runOnlyForDeploymentPostprocessing = 0;
		};
/* End PBXCopyFilesBuildPhase section */

/* Begin PBXFileReference section */
		381045DD2AB73BDE00432F68 /* OpenWithCodeMaster.appex */ = {isa = PBXFileReference; explicitFileType = "wrapper.app-extension"; includeInIndex = 0; path = OpenWithCodeMaster.appex; sourceTree = BUILT_PRODUCTS_DIR; };
		381045DF2AB73BDE00432F68 /* FinderSync.swift */ = {isa = PBXFileReference; lastKnownFileType = sourcecode.swift; path = FinderSync.swift; sourceTree = "<group>"; };
		381045E12AB73BDE00432F68 /* Info.plist */ = {isa = PBXFileReference; lastKnownFileType = text.plist.xml; path = Info.plist; sourceTree = "<group>"; };
		381045E22AB73BDE00432F68 /* OpenWithCodeMaster.entitlements */ = {isa = PBXFileReference; lastKnownFileType = text.plist.entitlements; path = OpenWithCodeMaster.entitlements; sourceTree = "<group>"; };
		381045E92AB73C0700432F68 /* Media.xcassets */ = {isa = PBXFileReference; lastKnownFileType = folder.assetcatalog; path = Media.xcassets; sourceTree = "<group>"; };
		381045EB2AB7458F00432F68 /* Alpha.xcconfig */ = {isa = PBXFileReference; lastKnownFileType = text.xcconfig; path = Alpha.xcconfig; sourceTree = "<group>"; };
		381045ED2AB745BC00432F68 /* Beta.xcconfig */ = {isa = PBXFileReference; lastKnownFileType = text.xcconfig; path = Beta.xcconfig; sourceTree = "<group>"; };
		381045EF2AB745E100432F68 /* Debug.xcconfig */ = {isa = PBXFileReference; lastKnownFileType = text.xcconfig; path = Debug.xcconfig; sourceTree = "<group>"; };
		381045F02AB7460F00432F68 /* Release.xcconfig */ = {isa = PBXFileReference; lastKnownFileType = text.xcconfig; path = Release.xcconfig; sourceTree = "<group>"; };
		3833AB992AB77D2000D806C6 /* ShellClient.swift */ = {isa = PBXFileReference; lastKnownFileType = sourcecode.swift; path = ShellClient.swift; sourceTree = "<group>"; };
		3835278F2AB643B500E2DD12 /* Documentation.docc */ = {isa = PBXFileReference; lastKnownFileType = folder.documentationcatalog; path = Documentation.docc; sourceTree = "<group>"; };
		383527912AB644EC00E2DD12 /* TerminalEmulatorView.swift */ = {isa = PBXFileReference; lastKnownFileType = sourcecode.swift; path = TerminalEmulatorView.swift; sourceTree = "<group>"; };
		386C4BDF2AC701FF00405697 /* CodeFile.swift */ = {isa = PBXFileReference; lastKnownFileType = sourcecode.swift; path = CodeFile.swift; sourceTree = "<group>"; };
		386C4BE12AC7023500405697 /* CodeFileView.swift */ = {isa = PBXFileReference; lastKnownFileType = sourcecode.swift; path = CodeFileView.swift; sourceTree = "<group>"; };
		386C4BE32AC7028300405697 /* WindowCodeFileView.swift */ = {isa = PBXFileReference; lastKnownFileType = sourcecode.swift; path = WindowCodeFileView.swift; sourceTree = "<group>"; };
		386C4BE52AC7029E00405697 /* ImageFileView.swift */ = {isa = PBXFileReference; lastKnownFileType = sourcecode.swift; path = ImageFileView.swift; sourceTree = "<group>"; };
		386C4BE72AC7033E00405697 /* OtherFileView.swift */ = {isa = PBXFileReference; lastKnownFileType = sourcecode.swift; path = OtherFileView.swift; sourceTree = "<group>"; };
		387989472ABF6E4400A4B178 /* Bookmark.swift */ = {isa = PBXFileReference; lastKnownFileType = sourcecode.swift; path = Bookmark.swift; sourceTree = "<group>"; };
		3881EB3B2ABEF340002C09EA /* Info.plist */ = {isa = PBXFileReference; lastKnownFileType = text.plist.xml; path = Info.plist; sourceTree = "<group>"; };
		3881EB412ABEF8FA002C09EA /* SoftwareUpdater.swift */ = {isa = PBXFileReference; lastKnownFileType = sourcecode.swift; path = SoftwareUpdater.swift; sourceTree = "<group>"; };
		3881EB452ABEFA39002C09EA /* MainCommands.swift */ = {isa = PBXFileReference; lastKnownFileType = sourcecode.swift; path = MainCommands.swift; sourceTree = "<group>"; };
		3896C82E2AB8CBFC00C348AC /* TerminalEmulatorView+Coordinator.swift */ = {isa = PBXFileReference; lastKnownFileType = sourcecode.swift; path = "TerminalEmulatorView+Coordinator.swift"; sourceTree = "<group>"; };
		38B1D0142AB774BB0088A744 /* WelcomeWindow.swift */ = {isa = PBXFileReference; lastKnownFileType = sourcecode.swift; path = WelcomeWindow.swift; sourceTree = "<group>"; };
		38B1D0162AB774D10088A744 /* WelcomeWindowView.swift */ = {isa = PBXFileReference; lastKnownFileType = sourcecode.swift; path = WelcomeWindowView.swift; sourceTree = "<group>"; };
		38B1D0182AB774DC0088A744 /* WelcomeView.swift */ = {isa = PBXFileReference; lastKnownFileType = sourcecode.swift; path = WelcomeView.swift; sourceTree = "<group>"; };
		38B1D01A2AB775030088A744 /* WelcomeActionView.swift */ = {isa = PBXFileReference; lastKnownFileType = sourcecode.swift; path = WelcomeActionView.swift; sourceTree = "<group>"; };
		38B1D01C2AB7751E0088A744 /* RecentProjectsListView.swift */ = {isa = PBXFileReference; lastKnownFileType = sourcecode.swift; path = RecentProjectsListView.swift; sourceTree = "<group>"; };
		38B1D01E2AB7752E0088A744 /* RecentProjectItem.swift */ = {isa = PBXFileReference; lastKnownFileType = sourcecode.swift; path = RecentProjectItem.swift; sourceTree = "<group>"; };
		38BD3A282AC5E84800C125E5 /* AppDelegate.swift */ = {isa = PBXFileReference; lastKnownFileType = sourcecode.swift; path = AppDelegate.swift; sourceTree = "<group>"; };
		38BD3A2A2AC5E92D00C125E5 /* SceneID.swift */ = {isa = PBXFileReference; lastKnownFileType = sourcecode.swift; path = SceneID.swift; sourceTree = "<group>"; };
		38BD3A2C2AC5E95C00C125E5 /* World.swift */ = {isa = PBXFileReference; lastKnownFileType = sourcecode.swift; path = World.swift; sourceTree = "<group>"; };
		38CF95632ABB6BB800BE6BA2 /* IDETemplateMacros.plist */ = {isa = PBXFileReference; lastKnownFileType = text.plist.xml; path = IDETemplateMacros.plist; sourceTree = "<group>"; };
		38EEB8C52ABB72AB00B5B7D2 /* MainMenu.xib */ = {isa = PBXFileReference; lastKnownFileType = file.xib; path = MainMenu.xib; sourceTree = "<group>"; };
		38F09F342AB5F413005AD507 /* CodeMaster.app */ = {isa = PBXFileReference; explicitFileType = wrapper.application; includeInIndex = 0; path = CodeMaster.app; sourceTree = BUILT_PRODUCTS_DIR; };
		38F09F372AB5F413005AD507 /* CodeMasterApp.swift */ = {isa = PBXFileReference; lastKnownFileType = sourcecode.swift; path = CodeMasterApp.swift; sourceTree = "<group>"; };
		38F09F392AB5F413005AD507 /* ContentView.swift */ = {isa = PBXFileReference; lastKnownFileType = sourcecode.swift; path = ContentView.swift; sourceTree = "<group>"; };
		38F09F3B2AB5F416005AD507 /* Assets.xcassets */ = {isa = PBXFileReference; lastKnownFileType = folder.assetcatalog; path = Assets.xcassets; sourceTree = "<group>"; };
		38F09F3E2AB5F416005AD507 /* Preview Assets.xcassets */ = {isa = PBXFileReference; lastKnownFileType = folder.assetcatalog; path = "Preview Assets.xcassets"; sourceTree = "<group>"; };
		38F09F402AB5F416005AD507 /* CodeMaster.entitlements */ = {isa = PBXFileReference; lastKnownFileType = text.plist.entitlements; path = CodeMaster.entitlements; sourceTree = "<group>"; };
		38F09F452AB5F416005AD507 /* CodeMasterTests.xctest */ = {isa = PBXFileReference; explicitFileType = wrapper.cfbundle; includeInIndex = 0; path = CodeMasterTests.xctest; sourceTree = BUILT_PRODUCTS_DIR; };
		38F09F492AB5F416005AD507 /* CodeMasterTests.swift */ = {isa = PBXFileReference; lastKnownFileType = sourcecode.swift; path = CodeMasterTests.swift; sourceTree = "<group>"; };
		38F09F4F2AB5F416005AD507 /* CodeMasterUITests.xctest */ = {isa = PBXFileReference; explicitFileType = wrapper.cfbundle; includeInIndex = 0; path = CodeMasterUITests.xctest; sourceTree = BUILT_PRODUCTS_DIR; };
		38F09F532AB5F416005AD507 /* CodeMasterUITests.swift */ = {isa = PBXFileReference; lastKnownFileType = sourcecode.swift; path = CodeMasterUITests.swift; sourceTree = "<group>"; };
		38F09F552AB5F416005AD507 /* CodeMasterUITestsLaunchTests.swift */ = {isa = PBXFileReference; lastKnownFileType = sourcecode.swift; path = CodeMasterUITestsLaunchTests.swift; sourceTree = "<group>"; };
/* End PBXFileReference section */

/* Begin PBXFrameworksBuildPhase section */
		381045DA2AB73BDE00432F68 /* Frameworks */ = {
			isa = PBXFrameworksBuildPhase;
			buildActionMask = 2147483647;
			files = (
			);
			runOnlyForDeploymentPostprocessing = 0;
		};
		38F09F312AB5F413005AD507 /* Frameworks */ = {
			isa = PBXFrameworksBuildPhase;
			buildActionMask = 2147483647;
			files = (
				383527682AB62AE200E2DD12 /* SwiftTermFuzz in Frameworks */,
				3833AB9D2AB77DA200D806C6 /* Glob in Frameworks */,
				3833ABA02AB77E2400D806C6 /* InlineSnapshotTesting in Frameworks */,
				383527662AB62AE200E2DD12 /* SwiftTerm in Frameworks */,
				38DD39892AC4AB4800EE1214 /* CMLLDB in Frameworks */,
				385CD4342AB608340004A323 /* CodeMasterSymbols in Frameworks */,
				3881EB3F2ABEF591002C09EA /* Sparkle in Frameworks */,
				38B1D00F2AB772F30088A744 /* WindowManagement in Frameworks */,
				3833ABA22AB77E2400D806C6 /* SnapshotTesting in Frameworks */,
				38EF62742ABEFF2A006A3D56 /* CMLiveCollab in Frameworks */,
				38B1D0122AB773750088A744 /* AnyCodable in Frameworks */,
				381045C52AB73A9700432F68 /* CodeMaster-Version-Control-Kit in Frameworks */,
			);
			runOnlyForDeploymentPostprocessing = 0;
		};
		38F09F422AB5F416005AD507 /* Frameworks */ = {
			isa = PBXFrameworksBuildPhase;
			buildActionMask = 2147483647;
			files = (
			);
			runOnlyForDeploymentPostprocessing = 0;
		};
		38F09F4C2AB5F416005AD507 /* Frameworks */ = {
			isa = PBXFrameworksBuildPhase;
			buildActionMask = 2147483647;
			files = (
			);
			runOnlyForDeploymentPostprocessing = 0;
		};
/* End PBXFrameworksBuildPhase section */

/* Begin PBXGroup section */
		381045DE2AB73BDE00432F68 /* OpenWithCodeMaster */ = {
			isa = PBXGroup;
			children = (
				381045DF2AB73BDE00432F68 /* FinderSync.swift */,
				381045E12AB73BDE00432F68 /* Info.plist */,
				381045E22AB73BDE00432F68 /* OpenWithCodeMaster.entitlements */,
				381045E92AB73C0700432F68 /* Media.xcassets */,
			);
			path = OpenWithCodeMaster;
			sourceTree = "<group>";
		};
		3833AB972AB77D0F00D806C6 /* ShellClient */ = {
			isa = PBXGroup;
			children = (
				3833AB982AB77D1600D806C6 /* Models */,
			);
			path = ShellClient;
			sourceTree = "<group>";
		};
		3833AB982AB77D1600D806C6 /* Models */ = {
			isa = PBXGroup;
			children = (
				3833AB992AB77D2000D806C6 /* ShellClient.swift */,
			);
			path = Models;
			sourceTree = "<group>";
		};
		3835276A2AB62C5000E2DD12 /* Utils */ = {
			isa = PBXGroup;
			children = (
				3833AB972AB77D0F00D806C6 /* ShellClient */,
			);
			path = Utils;
			sourceTree = "<group>";
		};
		3835276B2AB62C6200E2DD12 /* Services */ = {
			isa = PBXGroup;
			children = (
			);
			path = Services;
			sourceTree = "<group>";
		};
		3835276C2AB62C7900E2DD12 /* Resources */ = {
			isa = PBXGroup;
			children = (
			);
			path = Resources;
			sourceTree = "<group>";
		};
		3835276D2AB62CA500E2DD12 /* Localization */ = {
			isa = PBXGroup;
			children = (
			);
			path = Localization;
			sourceTree = "<group>";
		};
		3835276E2AB62CC100E2DD12 /* ColorThemes */ = {
			isa = PBXGroup;
			children = (
			);
			path = ColorThemes;
			sourceTree = "<group>";
		};
		3835276F2AB62D0800E2DD12 /* Features */ = {
			isa = PBXGroup;
			children = (
				386C4BDC2AC701CC00405697 /* CodeFile */,
				387989462ABF1F4000A4B178 /* Bookmark */,
				3881EB402ABEF8D6002C09EA /* Settings */,
				3835278A2AB642D700E2DD12 /* WindowCommands */,
				383527892AB642CB00E2DD12 /* Keybindings */,
				383527882AB6429000E2DD12 /* Welcome */,
				383527872AB6428700E2DD12 /* Version Control */,
				383527862AB6427B00E2DD12 /* Toolbar */,
				383527852AB6427000E2DD12 /* TerminalEmulator */,
				383527842AB6426700E2DD12 /* TabBar */,
				383527832AB6425F00E2DD12 /* StatusBar */,
				383527822AB6425100E2DD12 /* ShellClient */,
				383527812AB6424700E2DD12 /* Recents */,
				383527802AB6423E00E2DD12 /* QuickOpen */,
				3835277F2AB6423300E2DD12 /* NavigatorSidebar */,
				3835277E2AB6422A00E2DD12 /* MenuBarItem */,
				3835277D2AB641C600E2DD12 /* InspectorSidebar */,
				3835277C2AB641B500E2DD12 /* Git */,
				3835277B2AB641A900E2DD12 /* FileSystemClient */,
				3835277A2AB6419D00E2DD12 /* FileCreation */,
				383527792AB6419300E2DD12 /* Feedback */,
				383527782AB640EA00E2DD12 /* Extensions */,
				383527772AB6406700E2DD12 /* Editor */,
				383527762AB6405C00E2DD12 /* Documents */,
				383527702AB62D6D00E2DD12 /* About */,
				383527712AB62D7600E2DD12 /* Acknowledgements */,
				383527722AB62D9800E2DD12 /* AppPrefrences */,
				383527732AB62DC000E2DD12 /* CodeMasterEditorUI */,
				383527742AB637DA00E2DD12 /* CommandPalette */,
				383527752AB63FCC00E2DD12 /* Crashlytics */,
			);
			path = Features;
			sourceTree = "<group>";
		};
		383527702AB62D6D00E2DD12 /* About */ = {
			isa = PBXGroup;
			children = (
			);
			path = About;
			sourceTree = "<group>";
		};
		383527712AB62D7600E2DD12 /* Acknowledgements */ = {
			isa = PBXGroup;
			children = (
			);
			path = Acknowledgements;
			sourceTree = "<group>";
		};
		383527722AB62D9800E2DD12 /* AppPrefrences */ = {
			isa = PBXGroup;
			children = (
			);
			path = AppPrefrences;
			sourceTree = "<group>";
		};
		383527732AB62DC000E2DD12 /* CodeMasterEditorUI */ = {
			isa = PBXGroup;
			children = (
			);
			path = CodeMasterEditorUI;
			sourceTree = "<group>";
		};
		383527742AB637DA00E2DD12 /* CommandPalette */ = {
			isa = PBXGroup;
			children = (
			);
			path = CommandPalette;
			sourceTree = "<group>";
		};
		383527752AB63FCC00E2DD12 /* Crashlytics */ = {
			isa = PBXGroup;
			children = (
			);
			path = Crashlytics;
			sourceTree = "<group>";
		};
		383527762AB6405C00E2DD12 /* Documents */ = {
			isa = PBXGroup;
			children = (
			);
			path = Documents;
			sourceTree = "<group>";
		};
		383527772AB6406700E2DD12 /* Editor */ = {
			isa = PBXGroup;
			children = (
			);
			path = Editor;
			sourceTree = "<group>";
		};
		383527782AB640EA00E2DD12 /* Extensions */ = {
			isa = PBXGroup;
			children = (
			);
			path = Extensions;
			sourceTree = "<group>";
		};
		383527792AB6419300E2DD12 /* Feedback */ = {
			isa = PBXGroup;
			children = (
			);
			path = Feedback;
			sourceTree = "<group>";
		};
		3835277A2AB6419D00E2DD12 /* FileCreation */ = {
			isa = PBXGroup;
			children = (
			);
			path = FileCreation;
			sourceTree = "<group>";
		};
		3835277B2AB641A900E2DD12 /* FileSystemClient */ = {
			isa = PBXGroup;
			children = (
			);
			path = FileSystemClient;
			sourceTree = "<group>";
		};
		3835277C2AB641B500E2DD12 /* Git */ = {
			isa = PBXGroup;
			children = (
			);
			path = Git;
			sourceTree = "<group>";
		};
		3835277D2AB641C600E2DD12 /* InspectorSidebar */ = {
			isa = PBXGroup;
			children = (
			);
			path = InspectorSidebar;
			sourceTree = "<group>";
		};
		3835277E2AB6422A00E2DD12 /* MenuBarItem */ = {
			isa = PBXGroup;
			children = (
			);
			path = MenuBarItem;
			sourceTree = "<group>";
		};
		3835277F2AB6423300E2DD12 /* NavigatorSidebar */ = {
			isa = PBXGroup;
			children = (
			);
			path = NavigatorSidebar;
			sourceTree = "<group>";
		};
		383527802AB6423E00E2DD12 /* QuickOpen */ = {
			isa = PBXGroup;
			children = (
			);
			path = QuickOpen;
			sourceTree = "<group>";
		};
		383527812AB6424700E2DD12 /* Recents */ = {
			isa = PBXGroup;
			children = (
			);
			path = Recents;
			sourceTree = "<group>";
		};
		383527822AB6425100E2DD12 /* ShellClient */ = {
			isa = PBXGroup;
			children = (
			);
			path = ShellClient;
			sourceTree = "<group>";
		};
		383527832AB6425F00E2DD12 /* StatusBar */ = {
			isa = PBXGroup;
			children = (
			);
			path = StatusBar;
			sourceTree = "<group>";
		};
		383527842AB6426700E2DD12 /* TabBar */ = {
			isa = PBXGroup;
			children = (
			);
			path = TabBar;
			sourceTree = "<group>";
		};
		383527852AB6427000E2DD12 /* TerminalEmulator */ = {
			isa = PBXGroup;
			children = (
				383527912AB644EC00E2DD12 /* TerminalEmulatorView.swift */,
				3896C82E2AB8CBFC00C348AC /* TerminalEmulatorView+Coordinator.swift */,
			);
			path = TerminalEmulator;
			sourceTree = "<group>";
		};
		383527862AB6427B00E2DD12 /* Toolbar */ = {
			isa = PBXGroup;
			children = (
			);
			path = Toolbar;
			sourceTree = "<group>";
		};
		383527872AB6428700E2DD12 /* Version Control */ = {
			isa = PBXGroup;
			children = (
			);
			path = "Version Control";
			sourceTree = "<group>";
		};
		383527882AB6429000E2DD12 /* Welcome */ = {
			isa = PBXGroup;
			children = (
				38B1D0132AB774700088A744 /* Views */,
			);
			path = Welcome;
			sourceTree = "<group>";
		};
		383527892AB642CB00E2DD12 /* Keybindings */ = {
			isa = PBXGroup;
			children = (
			);
			path = Keybindings;
			sourceTree = "<group>";
		};
		3835278A2AB642D700E2DD12 /* WindowCommands */ = {
			isa = PBXGroup;
			children = (
				3881EB452ABEFA39002C09EA /* MainCommands.swift */,
			);
			path = WindowCommands;
			sourceTree = "<group>";
		};
		3835278B2AB6431900E2DD12 /* ShellIntegration */ = {
			isa = PBXGroup;
			children = (
			);
			path = ShellIntegration;
			sourceTree = "<group>";
		};
		3835278C2AB6438B00E2DD12 /* AppCast */ = {
			isa = PBXGroup;
			children = (
			);
			path = AppCast;
			sourceTree = "<group>";
		};
		3835278D2AB6439900E2DD12 /* Configs */ = {
			isa = PBXGroup;
			children = (
				381045EB2AB7458F00432F68 /* Alpha.xcconfig */,
				381045ED2AB745BC00432F68 /* Beta.xcconfig */,
				381045EF2AB745E100432F68 /* Debug.xcconfig */,
				381045F02AB7460F00432F68 /* Release.xcconfig */,
				38CF95632ABB6BB800BE6BA2 /* IDETemplateMacros.plist */,
			);
			path = Configs;
			sourceTree = "<group>";
		};
		386C4BDC2AC701CC00405697 /* CodeFile */ = {
			isa = PBXGroup;
			children = (
				386C4BDE2AC701E700405697 /* Other */,
				386C4BDD2AC701DC00405697 /* Image */,
				386C4BDF2AC701FF00405697 /* CodeFile.swift */,
				386C4BE12AC7023500405697 /* CodeFileView.swift */,
				386C4BE32AC7028300405697 /* WindowCodeFileView.swift */,
			);
			path = CodeFile;
			sourceTree = "<group>";
		};
		386C4BDD2AC701DC00405697 /* Image */ = {
			isa = PBXGroup;
			children = (
				386C4BE52AC7029E00405697 /* ImageFileView.swift */,
			);
			path = Image;
			sourceTree = "<group>";
		};
		386C4BDE2AC701E700405697 /* Other */ = {
			isa = PBXGroup;
			children = (
				386C4BE72AC7033E00405697 /* OtherFileView.swift */,
			);
			path = Other;
			sourceTree = "<group>";
		};
		387989462ABF1F4000A4B178 /* Bookmark */ = {
			isa = PBXGroup;
			children = (
				387989472ABF6E4400A4B178 /* Bookmark.swift */,
			);
			path = Bookmark;
			sourceTree = "<group>";
		};
		3881EB402ABEF8D6002C09EA /* Settings */ = {
			isa = PBXGroup;
			children = (
				3881EB412ABEF8FA002C09EA /* SoftwareUpdater.swift */,
			);
			path = Settings;
			sourceTree = "<group>";
		};
		3881EB472ABEFC22002C09EA /* LiveCollaboration */ = {
			isa = PBXGroup;
			children = (
			);
			path = LiveCollaboration;
			sourceTree = "<group>";
		};
		38B1D0132AB774700088A744 /* Views */ = {
			isa = PBXGroup;
			children = (
				38B1D0142AB774BB0088A744 /* WelcomeWindow.swift */,
				38B1D0162AB774D10088A744 /* WelcomeWindowView.swift */,
				38B1D0182AB774DC0088A744 /* WelcomeView.swift */,
				38B1D01A2AB775030088A744 /* WelcomeActionView.swift */,
				38B1D01C2AB7751E0088A744 /* RecentProjectsListView.swift */,
				38B1D01E2AB7752E0088A744 /* RecentProjectItem.swift */,
			);
			path = Views;
			sourceTree = "<group>";
		};
		38F09F2B2AB5F413005AD507 = {
			isa = PBXGroup;
			children = (
				3835278F2AB643B500E2DD12 /* Documentation.docc */,
				3835278D2AB6439900E2DD12 /* Configs */,
				3835278C2AB6438B00E2DD12 /* AppCast */,
				38F09F362AB5F413005AD507 /* CodeMaster */,
				38F09F482AB5F416005AD507 /* CodeMasterTests */,
				38F09F522AB5F416005AD507 /* CodeMasterUITests */,
				381045DE2AB73BDE00432F68 /* OpenWithCodeMaster */,
				38F09F352AB5F413005AD507 /* Products */,
			);
			sourceTree = "<group>";
		};
		38F09F352AB5F413005AD507 /* Products */ = {
			isa = PBXGroup;
			children = (
				38F09F342AB5F413005AD507 /* CodeMaster.app */,
				38F09F452AB5F416005AD507 /* CodeMasterTests.xctest */,
				38F09F4F2AB5F416005AD507 /* CodeMasterUITests.xctest */,
				381045DD2AB73BDE00432F68 /* OpenWithCodeMaster.appex */,
			);
			name = Products;
			sourceTree = "<group>";
		};
		38F09F362AB5F413005AD507 /* CodeMaster */ = {
			isa = PBXGroup;
			children = (
				3881EB472ABEFC22002C09EA /* LiveCollaboration */,
				3835278B2AB6431900E2DD12 /* ShellIntegration */,
				3835276F2AB62D0800E2DD12 /* Features */,
				3835276E2AB62CC100E2DD12 /* ColorThemes */,
				3835276D2AB62CA500E2DD12 /* Localization */,
				3835276C2AB62C7900E2DD12 /* Resources */,
				3835276B2AB62C6200E2DD12 /* Services */,
				3835276A2AB62C5000E2DD12 /* Utils */,
				38F09F3D2AB5F416005AD507 /* Preview Content */,
				38F09F3B2AB5F416005AD507 /* Assets.xcassets */,
				38EEB8C52ABB72AB00B5B7D2 /* MainMenu.xib */,
				38F09F402AB5F416005AD507 /* CodeMaster.entitlements */,
				3881EB3B2ABEF340002C09EA /* Info.plist */,
				38F09F392AB5F413005AD507 /* ContentView.swift */,
				38F09F372AB5F413005AD507 /* CodeMasterApp.swift */,
				38BD3A282AC5E84800C125E5 /* AppDelegate.swift */,
				38BD3A2A2AC5E92D00C125E5 /* SceneID.swift */,
				38BD3A2C2AC5E95C00C125E5 /* World.swift */,
			);
			path = CodeMaster;
			sourceTree = "<group>";
		};
		38F09F3D2AB5F416005AD507 /* Preview Content */ = {
			isa = PBXGroup;
			children = (
				38F09F3E2AB5F416005AD507 /* Preview Assets.xcassets */,
			);
			path = "Preview Content";
			sourceTree = "<group>";
		};
		38F09F482AB5F416005AD507 /* CodeMasterTests */ = {
			isa = PBXGroup;
			children = (
				38F09F492AB5F416005AD507 /* CodeMasterTests.swift */,
			);
			path = CodeMasterTests;
			sourceTree = "<group>";
		};
		38F09F522AB5F416005AD507 /* CodeMasterUITests */ = {
			isa = PBXGroup;
			children = (
				38F09F532AB5F416005AD507 /* CodeMasterUITests.swift */,
				38F09F552AB5F416005AD507 /* CodeMasterUITestsLaunchTests.swift */,
			);
			path = CodeMasterUITests;
			sourceTree = "<group>";
		};
/* End PBXGroup section */

/* Begin PBXNativeTarget section */
		381045DC2AB73BDE00432F68 /* OpenWithCodeMaster */ = {
			isa = PBXNativeTarget;
			buildConfigurationList = 381045E62AB73BDE00432F68 /* Build configuration list for PBXNativeTarget "OpenWithCodeMaster" */;
			buildPhases = (
				381045D92AB73BDE00432F68 /* Sources */,
				381045DA2AB73BDE00432F68 /* Frameworks */,
				381045DB2AB73BDE00432F68 /* Resources */,
			);
			buildRules = (
			);
			dependencies = (
			);
			name = OpenWithCodeMaster;
			productName = OpenWithCodeMaster;
			productReference = 381045DD2AB73BDE00432F68 /* OpenWithCodeMaster.appex */;
			productType = "com.apple.product-type.app-extension";
		};
		38F09F332AB5F413005AD507 /* CodeMaster */ = {
			isa = PBXNativeTarget;
			buildConfigurationList = 38F09F592AB5F416005AD507 /* Build configuration list for PBXNativeTarget "CodeMaster" */;
			buildPhases = (
				38F09F302AB5F413005AD507 /* Sources */,
				38F09F312AB5F413005AD507 /* Frameworks */,
				38F09F322AB5F413005AD507 /* Resources */,
				381045D82AB73B9900432F68 /* Embed Foundation Extensions */,
			);
			buildRules = (
			);
			dependencies = (
				381045E42AB73BDE00432F68 /* PBXTargetDependency */,
			);
			name = CodeMaster;
			packageProductDependencies = (
				385CD4332AB608340004A323 /* CodeMasterSymbols */,
				383527652AB62AE200E2DD12 /* SwiftTerm */,
				383527672AB62AE200E2DD12 /* SwiftTermFuzz */,
				381045C42AB73A9700432F68 /* CodeMaster-Version-Control-Kit */,
				38B1D00E2AB772F30088A744 /* WindowManagement */,
				38B1D0112AB773750088A744 /* AnyCodable */,
				3833AB9C2AB77DA200D806C6 /* Glob */,
				3833AB9F2AB77E2400D806C6 /* InlineSnapshotTesting */,
				3833ABA12AB77E2400D806C6 /* SnapshotTesting */,
				3881EB3E2ABEF591002C09EA /* Sparkle */,
				38EF62732ABEFF2A006A3D56 /* CMLiveCollab */,
				38DD39882AC4AB4800EE1214 /* CMLLDB */,
			);
			productName = CodeMaster;
			productReference = 38F09F342AB5F413005AD507 /* CodeMaster.app */;
			productType = "com.apple.product-type.application";
		};
		38F09F442AB5F416005AD507 /* CodeMasterTests */ = {
			isa = PBXNativeTarget;
			buildConfigurationList = 38F09F5C2AB5F416005AD507 /* Build configuration list for PBXNativeTarget "CodeMasterTests" */;
			buildPhases = (
				38F09F412AB5F416005AD507 /* Sources */,
				38F09F422AB5F416005AD507 /* Frameworks */,
				38F09F432AB5F416005AD507 /* Resources */,
			);
			buildRules = (
			);
			dependencies = (
				38F09F472AB5F416005AD507 /* PBXTargetDependency */,
			);
			name = CodeMasterTests;
			productName = CodeMasterTests;
			productReference = 38F09F452AB5F416005AD507 /* CodeMasterTests.xctest */;
			productType = "com.apple.product-type.bundle.unit-test";
		};
		38F09F4E2AB5F416005AD507 /* CodeMasterUITests */ = {
			isa = PBXNativeTarget;
			buildConfigurationList = 38F09F5F2AB5F416005AD507 /* Build configuration list for PBXNativeTarget "CodeMasterUITests" */;
			buildPhases = (
				38F09F4B2AB5F416005AD507 /* Sources */,
				38F09F4C2AB5F416005AD507 /* Frameworks */,
				38F09F4D2AB5F416005AD507 /* Resources */,
			);
			buildRules = (
			);
			dependencies = (
				38F09F512AB5F416005AD507 /* PBXTargetDependency */,
			);
			name = CodeMasterUITests;
			productName = CodeMasterUITests;
			productReference = 38F09F4F2AB5F416005AD507 /* CodeMasterUITests.xctest */;
			productType = "com.apple.product-type.bundle.ui-testing";
		};
/* End PBXNativeTarget section */

/* Begin PBXProject section */
		38F09F2C2AB5F413005AD507 /* Project object */ = {
			isa = PBXProject;
			attributes = {
				BuildIndependentTargetsInParallel = 1;
				LastSwiftUpdateCheck = 1500;
				LastUpgradeCheck = 1500;
				TargetAttributes = {
					381045DC2AB73BDE00432F68 = {
						CreatedOnToolsVersion = 15.0;
					};
					38F09F332AB5F413005AD507 = {
						CreatedOnToolsVersion = 15.0;
					};
					38F09F442AB5F416005AD507 = {
						CreatedOnToolsVersion = 15.0;
						TestTargetID = 38F09F332AB5F413005AD507;
					};
					38F09F4E2AB5F416005AD507 = {
						CreatedOnToolsVersion = 15.0;
						TestTargetID = 38F09F332AB5F413005AD507;
					};
				};
			};
			buildConfigurationList = 38F09F2F2AB5F413005AD507 /* Build configuration list for PBXProject "CodeMaster" */;
			compatibilityVersion = "Xcode 14.0";
			developmentRegion = en;
			hasScannedForEncodings = 0;
			knownRegions = (
				en,
				Base,
			);
			mainGroup = 38F09F2B2AB5F413005AD507;
			packageReferences = (
				385CD4322AB608340004A323 /* XCRemoteSwiftPackageReference "CodeMasterSymbols" */,
				383527642AB62AE200E2DD12 /* XCRemoteSwiftPackageReference "SwiftTerm" */,
				381045C32AB73A9700432F68 /* XCRemoteSwiftPackageReference "CodeMaster-Version-Control-Kit" */,
				38B1D00D2AB772F30088A744 /* XCRemoteSwiftPackageReference "SwiftUI-WindowManagement" */,
				38B1D0102AB773750088A744 /* XCRemoteSwiftPackageReference "AnyCodable" */,
				3833AB9B2AB77DA200D806C6 /* XCRemoteSwiftPackageReference "Glob" */,
				3833AB9E2AB77E2400D806C6 /* XCRemoteSwiftPackageReference "swift-snapshot-testing" */,
				3881EB3D2ABEF591002C09EA /* XCRemoteSwiftPackageReference "Sparkle" */,
				38EF62722ABEFF2A006A3D56 /* XCRemoteSwiftPackageReference "CMLiveCollab" */,
				38DD39872AC4AB4800EE1214 /* XCRemoteSwiftPackageReference "CMLLDB" */,
			);
			productRefGroup = 38F09F352AB5F413005AD507 /* Products */;
			projectDirPath = "";
			projectRoot = "";
			targets = (
				38F09F332AB5F413005AD507 /* CodeMaster */,
				38F09F442AB5F416005AD507 /* CodeMasterTests */,
				38F09F4E2AB5F416005AD507 /* CodeMasterUITests */,
				381045DC2AB73BDE00432F68 /* OpenWithCodeMaster */,
			);
		};
/* End PBXProject section */

/* Begin PBXResourcesBuildPhase section */
		381045DB2AB73BDE00432F68 /* Resources */ = {
			isa = PBXResourcesBuildPhase;
			buildActionMask = 2147483647;
			files = (
				381045EA2AB73C0700432F68 /* Media.xcassets in Resources */,
			);
			runOnlyForDeploymentPostprocessing = 0;
		};
		38F09F322AB5F413005AD507 /* Resources */ = {
			isa = PBXResourcesBuildPhase;
			buildActionMask = 2147483647;
			files = (
				381045EE2AB745BC00432F68 /* Beta.xcconfig in Resources */,
				381045EC2AB7458F00432F68 /* Alpha.xcconfig in Resources */,
				38CF95642ABB6BB800BE6BA2 /* IDETemplateMacros.plist in Resources */,
				38F09F3F2AB5F416005AD507 /* Preview Assets.xcassets in Resources */,
				38F09F3C2AB5F416005AD507 /* Assets.xcassets in Resources */,
				38EEB8C62ABB72AB00B5B7D2 /* MainMenu.xib in Resources */,
				3881EB3C2ABEF340002C09EA /* Info.plist in Resources */,
			);
			runOnlyForDeploymentPostprocessing = 0;
		};
		38F09F432AB5F416005AD507 /* Resources */ = {
			isa = PBXResourcesBuildPhase;
			buildActionMask = 2147483647;
			files = (
			);
			runOnlyForDeploymentPostprocessing = 0;
		};
		38F09F4D2AB5F416005AD507 /* Resources */ = {
			isa = PBXResourcesBuildPhase;
			buildActionMask = 2147483647;
			files = (
			);
			runOnlyForDeploymentPostprocessing = 0;
		};
/* End PBXResourcesBuildPhase section */

/* Begin PBXSourcesBuildPhase section */
		381045D92AB73BDE00432F68 /* Sources */ = {
			isa = PBXSourcesBuildPhase;
			buildActionMask = 2147483647;
			files = (
				381045E02AB73BDE00432F68 /* FinderSync.swift in Sources */,
			);
			runOnlyForDeploymentPostprocessing = 0;
		};
		38F09F302AB5F413005AD507 /* Sources */ = {
			isa = PBXSourcesBuildPhase;
			buildActionMask = 2147483647;
			files = (
				38BD3A2D2AC5E95C00C125E5 /* World.swift in Sources */,
				3896C82F2AB8CBFC00C348AC /* TerminalEmulatorView+Coordinator.swift in Sources */,
				38F09F3A2AB5F413005AD507 /* ContentView.swift in Sources */,
				386C4BE42AC7028300405697 /* WindowCodeFileView.swift in Sources */,
				38BD3A2B2AC5E92D00C125E5 /* SceneID.swift in Sources */,
				3881EB462ABEFA39002C09EA /* MainCommands.swift in Sources */,
				386C4BE02AC701FF00405697 /* CodeFile.swift in Sources */,
				3881EB422ABEF8FA002C09EA /* SoftwareUpdater.swift in Sources */,
				38B1D0172AB774D10088A744 /* WelcomeWindowView.swift in Sources */,
				387989482ABF6E4400A4B178 /* Bookmark.swift in Sources */,
				383527922AB644EC00E2DD12 /* TerminalEmulatorView.swift in Sources */,
				383527902AB643B500E2DD12 /* Documentation.docc in Sources */,
				386C4BE22AC7023500405697 /* CodeFileView.swift in Sources */,
				386C4BE82AC7033E00405697 /* OtherFileView.swift in Sources */,
				38BD3A292AC5E84800C125E5 /* AppDelegate.swift in Sources */,
				3833AB9A2AB77D2000D806C6 /* ShellClient.swift in Sources */,
				38F09F382AB5F413005AD507 /* CodeMasterApp.swift in Sources */,
				38B1D01F2AB7752E0088A744 /* RecentProjectItem.swift in Sources */,
				38B1D0152AB774BB0088A744 /* WelcomeWindow.swift in Sources */,
				386C4BE62AC7029E00405697 /* ImageFileView.swift in Sources */,
				38B1D0192AB774DC0088A744 /* WelcomeView.swift in Sources */,
				38B1D01B2AB775030088A744 /* WelcomeActionView.swift in Sources */,
				38B1D01D2AB7751E0088A744 /* RecentProjectsListView.swift in Sources */,
			);
			runOnlyForDeploymentPostprocessing = 0;
		};
		38F09F412AB5F416005AD507 /* Sources */ = {
			isa = PBXSourcesBuildPhase;
			buildActionMask = 2147483647;
			files = (
				38F09F4A2AB5F416005AD507 /* CodeMasterTests.swift in Sources */,
			);
			runOnlyForDeploymentPostprocessing = 0;
		};
		38F09F4B2AB5F416005AD507 /* Sources */ = {
			isa = PBXSourcesBuildPhase;
			buildActionMask = 2147483647;
			files = (
				38F09F542AB5F416005AD507 /* CodeMasterUITests.swift in Sources */,
				38F09F562AB5F416005AD507 /* CodeMasterUITestsLaunchTests.swift in Sources */,
			);
			runOnlyForDeploymentPostprocessing = 0;
		};
/* End PBXSourcesBuildPhase section */

/* Begin PBXTargetDependency section */
		381045E42AB73BDE00432F68 /* PBXTargetDependency */ = {
			isa = PBXTargetDependency;
			target = 381045DC2AB73BDE00432F68 /* OpenWithCodeMaster */;
			targetProxy = 381045E32AB73BDE00432F68 /* PBXContainerItemProxy */;
		};
		38F09F472AB5F416005AD507 /* PBXTargetDependency */ = {
			isa = PBXTargetDependency;
			target = 38F09F332AB5F413005AD507 /* CodeMaster */;
			targetProxy = 38F09F462AB5F416005AD507 /* PBXContainerItemProxy */;
		};
		38F09F512AB5F416005AD507 /* PBXTargetDependency */ = {
			isa = PBXTargetDependency;
			target = 38F09F332AB5F413005AD507 /* CodeMaster */;
			targetProxy = 38F09F502AB5F416005AD507 /* PBXContainerItemProxy */;
		};
/* End PBXTargetDependency section */

/* Begin XCBuildConfiguration section */
		381045E72AB73BDE00432F68 /* Debug */ = {
			isa = XCBuildConfiguration;
			buildSettings = {
				CODE_SIGN_ENTITLEMENTS = OpenWithCodeMaster/OpenWithCodeMaster.entitlements;
				CODE_SIGN_STYLE = Automatic;
				COMBINE_HIDPI_IMAGES = YES;
				CURRENT_PROJECT_VERSION = 1;
				DEVELOPMENT_TEAM = W93RMB5CDG;
				ENABLE_HARDENED_RUNTIME = YES;
				GENERATE_INFOPLIST_FILE = YES;
				INFOPLIST_FILE = OpenWithCodeMaster/Info.plist;
				INFOPLIST_KEY_CFBundleDisplayName = OpenWithCodeMaster;
				INFOPLIST_KEY_NSHumanReadableCopyright = "";
				LD_RUNPATH_SEARCH_PATHS = (
					"$(inherited)",
					"@executable_path/../Frameworks",
					"@executable_path/../../../../Frameworks",
				);
				MACOSX_DEPLOYMENT_TARGET = 14.0;
				MARKETING_VERSION = 1.0;
				PRODUCT_BUNDLE_IDENTIFIER = com.nhstudio.CodeMaster.OpenWithCodeMaster;
				PRODUCT_NAME = "$(TARGET_NAME)";
				SKIP_INSTALL = YES;
				SWIFT_EMIT_LOC_STRINGS = YES;
				SWIFT_VERSION = 5.0;
			};
			name = Debug;
		};
		381045E82AB73BDE00432F68 /* Release */ = {
			isa = XCBuildConfiguration;
			buildSettings = {
				CODE_SIGN_ENTITLEMENTS = OpenWithCodeMaster/OpenWithCodeMaster.entitlements;
				CODE_SIGN_STYLE = Automatic;
				COMBINE_HIDPI_IMAGES = YES;
				CURRENT_PROJECT_VERSION = 1;
				DEVELOPMENT_TEAM = W93RMB5CDG;
				ENABLE_HARDENED_RUNTIME = YES;
				GENERATE_INFOPLIST_FILE = YES;
				INFOPLIST_FILE = OpenWithCodeMaster/Info.plist;
				INFOPLIST_KEY_CFBundleDisplayName = OpenWithCodeMaster;
				INFOPLIST_KEY_NSHumanReadableCopyright = "";
				LD_RUNPATH_SEARCH_PATHS = (
					"$(inherited)",
					"@executable_path/../Frameworks",
					"@executable_path/../../../../Frameworks",
				);
				MACOSX_DEPLOYMENT_TARGET = 14.0;
				MARKETING_VERSION = 1.0;
				PRODUCT_BUNDLE_IDENTIFIER = com.nhstudio.CodeMaster.OpenWithCodeMaster;
				PRODUCT_NAME = "$(TARGET_NAME)";
				SKIP_INSTALL = YES;
				SWIFT_EMIT_LOC_STRINGS = YES;
				SWIFT_VERSION = 5.0;
			};
			name = Release;
		};
		385F800A2AC4882400D4B275 /* Beta */ = {
			isa = XCBuildConfiguration;
			baseConfigurationReference = 381045ED2AB745BC00432F68 /* Beta.xcconfig */;
			buildSettings = {
				ALWAYS_SEARCH_USER_PATHS = NO;
				ASSETCATALOG_COMPILER_GENERATE_SWIFT_ASSET_SYMBOL_EXTENSIONS = YES;
				CLANG_ANALYZER_NONNULL = YES;
				CLANG_ANALYZER_NUMBER_OBJECT_CONVERSION = YES_AGGRESSIVE;
				CLANG_CXX_LANGUAGE_STANDARD = "gnu++20";
				CLANG_ENABLE_MODULES = YES;
				CLANG_ENABLE_OBJC_ARC = YES;
				CLANG_ENABLE_OBJC_WEAK = YES;
				CLANG_WARN_BLOCK_CAPTURE_AUTORELEASING = YES;
				CLANG_WARN_BOOL_CONVERSION = YES;
				CLANG_WARN_COMMA = YES;
				CLANG_WARN_CONSTANT_CONVERSION = YES;
				CLANG_WARN_DEPRECATED_OBJC_IMPLEMENTATIONS = YES;
				CLANG_WARN_DIRECT_OBJC_ISA_USAGE = YES_ERROR;
				CLANG_WARN_DOCUMENTATION_COMMENTS = YES;
				CLANG_WARN_EMPTY_BODY = YES;
				CLANG_WARN_ENUM_CONVERSION = YES;
				CLANG_WARN_INFINITE_RECURSION = YES;
				CLANG_WARN_INT_CONVERSION = YES;
				CLANG_WARN_NON_LITERAL_NULL_CONVERSION = YES;
				CLANG_WARN_OBJC_IMPLICIT_RETAIN_SELF = YES;
				CLANG_WARN_OBJC_LITERAL_CONVERSION = YES;
				CLANG_WARN_OBJC_ROOT_CLASS = YES_ERROR;
				CLANG_WARN_QUOTED_INCLUDE_IN_FRAMEWORK_HEADER = YES;
				CLANG_WARN_RANGE_LOOP_ANALYSIS = YES;
				CLANG_WARN_STRICT_PROTOTYPES = YES;
				CLANG_WARN_SUSPICIOUS_MOVE = YES;
				CLANG_WARN_UNGUARDED_AVAILABILITY = YES_AGGRESSIVE;
				CLANG_WARN_UNREACHABLE_CODE = YES;
				CLANG_WARN__DUPLICATE_METHOD_MATCH = YES;
				COPY_PHASE_STRIP = NO;
				DEBUG_INFORMATION_FORMAT = dwarf;
				ENABLE_STRICT_OBJC_MSGSEND = YES;
				ENABLE_TESTABILITY = YES;
				ENABLE_USER_SCRIPT_SANDBOXING = YES;
				GCC_C_LANGUAGE_STANDARD = gnu17;
				GCC_DYNAMIC_NO_PIC = NO;
				GCC_NO_COMMON_BLOCKS = YES;
				GCC_OPTIMIZATION_LEVEL = 0;
				GCC_PREPROCESSOR_DEFINITIONS = (
					"DEBUG=1",
					"$(inherited)",
				);
				GCC_WARN_64_TO_32_BIT_CONVERSION = YES;
				GCC_WARN_ABOUT_RETURN_TYPE = YES_ERROR;
				GCC_WARN_UNDECLARED_SELECTOR = YES;
				GCC_WARN_UNINITIALIZED_AUTOS = YES_AGGRESSIVE;
				GCC_WARN_UNUSED_FUNCTION = YES;
				GCC_WARN_UNUSED_VARIABLE = YES;
				LOCALIZATION_PREFERS_STRING_CATALOGS = YES;
				MACOSX_DEPLOYMENT_TARGET = 14.0;
				MTL_ENABLE_DEBUG_INFO = INCLUDE_SOURCE;
				MTL_FAST_MATH = YES;
				ONLY_ACTIVE_ARCH = YES;
				SDKROOT = macosx;
				SWIFT_ACTIVE_COMPILATION_CONDITIONS = "DEBUG $(inherited)";
				SWIFT_OPTIMIZATION_LEVEL = "-Onone";
			};
			name = Beta;
		};
		385F800B2AC4882400D4B275 /* Beta */ = {
			isa = XCBuildConfiguration;
			buildSettings = {
				ALWAYS_EMBED_SWIFT_STANDARD_LIBRARIES = YES;
				ASSETCATALOG_COMPILER_APPICON_NAME = AppIcon;
				ASSETCATALOG_COMPILER_GLOBAL_ACCENT_COLOR_NAME = AccentColor;
				CODE_SIGN_ENTITLEMENTS = CodeMaster/CodeMaster.entitlements;
				CODE_SIGN_STYLE = Automatic;
				COMBINE_HIDPI_IMAGES = YES;
				CURRENT_PROJECT_VERSION = 1;
				DEVELOPMENT_ASSET_PATHS = "\"CodeMaster/Preview Content\"";
				DEVELOPMENT_TEAM = W93RMB5CDG;
				ENABLE_HARDENED_RUNTIME = YES;
				ENABLE_PREVIEWS = YES;
				GENERATE_INFOPLIST_FILE = YES;
				INFOPLIST_KEY_LSApplicationCategoryType = "public.app-category.developer-tools";
				INFOPLIST_KEY_NSHumanReadableCopyright = "";
				LD_RUNPATH_SEARCH_PATHS = (
					"$(inherited)",
					"@executable_path/../Frameworks",
				);
				MACOSX_DEPLOYMENT_TARGET = 14.0;
				MARKETING_VERSION = 1.0;
				PRODUCT_BUNDLE_IDENTIFIER = com.nhstudio.CodeMaster;
				PRODUCT_NAME = "$(TARGET_NAME)";
				SWIFT_EMIT_LOC_STRINGS = YES;
				SWIFT_VERSION = 5.0;
			};
			name = Beta;
		};
		385F800C2AC4882400D4B275 /* Beta */ = {
			isa = XCBuildConfiguration;
			buildSettings = {
				ALWAYS_EMBED_SWIFT_STANDARD_LIBRARIES = YES;
				BUNDLE_LOADER = "$(TEST_HOST)";
				CODE_SIGN_STYLE = Automatic;
				CURRENT_PROJECT_VERSION = 1;
				DEVELOPMENT_TEAM = W93RMB5CDG;
				GENERATE_INFOPLIST_FILE = YES;
				MACOSX_DEPLOYMENT_TARGET = 14.0;
				MARKETING_VERSION = 1.0;
				PRODUCT_BUNDLE_IDENTIFIER = com.nhstudio.CodeMasterTests;
				PRODUCT_NAME = "$(TARGET_NAME)";
				SWIFT_EMIT_LOC_STRINGS = NO;
				SWIFT_VERSION = 5.0;
				TEST_HOST = "$(BUILT_PRODUCTS_DIR)/CodeMaster.app/$(BUNDLE_EXECUTABLE_FOLDER_PATH)/CodeMaster";
			};
			name = Beta;
		};
		385F800D2AC4882400D4B275 /* Beta */ = {
			isa = XCBuildConfiguration;
			buildSettings = {
				ALWAYS_EMBED_SWIFT_STANDARD_LIBRARIES = YES;
				CODE_SIGN_STYLE = Automatic;
				CURRENT_PROJECT_VERSION = 1;
				DEVELOPMENT_TEAM = W93RMB5CDG;
				GENERATE_INFOPLIST_FILE = YES;
				MACOSX_DEPLOYMENT_TARGET = 14.0;
				MARKETING_VERSION = 1.0;
				PRODUCT_BUNDLE_IDENTIFIER = com.nhstudio.CodeMasterUITests;
				PRODUCT_NAME = "$(TARGET_NAME)";
				SWIFT_EMIT_LOC_STRINGS = NO;
				SWIFT_VERSION = 5.0;
				TEST_TARGET_NAME = CodeMaster;
			};
			name = Beta;
		};
		385F800E2AC4882400D4B275 /* Beta */ = {
			isa = XCBuildConfiguration;
			buildSettings = {
				CODE_SIGN_ENTITLEMENTS = OpenWithCodeMaster/OpenWithCodeMaster.entitlements;
				CODE_SIGN_STYLE = Automatic;
				COMBINE_HIDPI_IMAGES = YES;
				CURRENT_PROJECT_VERSION = 1;
				DEVELOPMENT_TEAM = W93RMB5CDG;
				ENABLE_HARDENED_RUNTIME = YES;
				GENERATE_INFOPLIST_FILE = YES;
				INFOPLIST_FILE = OpenWithCodeMaster/Info.plist;
				INFOPLIST_KEY_CFBundleDisplayName = OpenWithCodeMaster;
				INFOPLIST_KEY_NSHumanReadableCopyright = "";
				LD_RUNPATH_SEARCH_PATHS = (
					"$(inherited)",
					"@executable_path/../Frameworks",
					"@executable_path/../../../../Frameworks",
				);
				MACOSX_DEPLOYMENT_TARGET = 14.0;
				MARKETING_VERSION = 1.0;
				PRODUCT_BUNDLE_IDENTIFIER = com.nhstudio.CodeMaster.OpenWithCodeMaster;
				PRODUCT_NAME = "$(TARGET_NAME)";
				SKIP_INSTALL = YES;
				SWIFT_EMIT_LOC_STRINGS = YES;
				SWIFT_VERSION = 5.0;
			};
			name = Beta;
		};
		385F800F2AC4883100D4B275 /* Alpha */ = {
			isa = XCBuildConfiguration;
			baseConfigurationReference = 381045EB2AB7458F00432F68 /* Alpha.xcconfig */;
			buildSettings = {
				ALWAYS_SEARCH_USER_PATHS = NO;
				ASSETCATALOG_COMPILER_GENERATE_SWIFT_ASSET_SYMBOL_EXTENSIONS = YES;
				CLANG_ANALYZER_NONNULL = YES;
				CLANG_ANALYZER_NUMBER_OBJECT_CONVERSION = YES_AGGRESSIVE;
				CLANG_CXX_LANGUAGE_STANDARD = "gnu++20";
				CLANG_ENABLE_MODULES = YES;
				CLANG_ENABLE_OBJC_ARC = YES;
				CLANG_ENABLE_OBJC_WEAK = YES;
				CLANG_WARN_BLOCK_CAPTURE_AUTORELEASING = YES;
				CLANG_WARN_BOOL_CONVERSION = YES;
				CLANG_WARN_COMMA = YES;
				CLANG_WARN_CONSTANT_CONVERSION = YES;
				CLANG_WARN_DEPRECATED_OBJC_IMPLEMENTATIONS = YES;
				CLANG_WARN_DIRECT_OBJC_ISA_USAGE = YES_ERROR;
				CLANG_WARN_DOCUMENTATION_COMMENTS = YES;
				CLANG_WARN_EMPTY_BODY = YES;
				CLANG_WARN_ENUM_CONVERSION = YES;
				CLANG_WARN_INFINITE_RECURSION = YES;
				CLANG_WARN_INT_CONVERSION = YES;
				CLANG_WARN_NON_LITERAL_NULL_CONVERSION = YES;
				CLANG_WARN_OBJC_IMPLICIT_RETAIN_SELF = YES;
				CLANG_WARN_OBJC_LITERAL_CONVERSION = YES;
				CLANG_WARN_OBJC_ROOT_CLASS = YES_ERROR;
				CLANG_WARN_QUOTED_INCLUDE_IN_FRAMEWORK_HEADER = YES;
				CLANG_WARN_RANGE_LOOP_ANALYSIS = YES;
				CLANG_WARN_STRICT_PROTOTYPES = YES;
				CLANG_WARN_SUSPICIOUS_MOVE = YES;
				CLANG_WARN_UNGUARDED_AVAILABILITY = YES_AGGRESSIVE;
				CLANG_WARN_UNREACHABLE_CODE = YES;
				CLANG_WARN__DUPLICATE_METHOD_MATCH = YES;
				COPY_PHASE_STRIP = NO;
				DEBUG_INFORMATION_FORMAT = dwarf;
				ENABLE_STRICT_OBJC_MSGSEND = YES;
				ENABLE_TESTABILITY = YES;
				ENABLE_USER_SCRIPT_SANDBOXING = YES;
				GCC_C_LANGUAGE_STANDARD = gnu17;
				GCC_DYNAMIC_NO_PIC = NO;
				GCC_NO_COMMON_BLOCKS = YES;
				GCC_OPTIMIZATION_LEVEL = 0;
				GCC_PREPROCESSOR_DEFINITIONS = (
					"DEBUG=1",
					"$(inherited)",
				);
				GCC_WARN_64_TO_32_BIT_CONVERSION = YES;
				GCC_WARN_ABOUT_RETURN_TYPE = YES_ERROR;
				GCC_WARN_UNDECLARED_SELECTOR = YES;
				GCC_WARN_UNINITIALIZED_AUTOS = YES_AGGRESSIVE;
				GCC_WARN_UNUSED_FUNCTION = YES;
				GCC_WARN_UNUSED_VARIABLE = YES;
				LOCALIZATION_PREFERS_STRING_CATALOGS = YES;
				MACOSX_DEPLOYMENT_TARGET = 14.0;
				MTL_ENABLE_DEBUG_INFO = INCLUDE_SOURCE;
				MTL_FAST_MATH = YES;
				ONLY_ACTIVE_ARCH = YES;
				SDKROOT = macosx;
				SWIFT_ACTIVE_COMPILATION_CONDITIONS = "DEBUG $(inherited)";
				SWIFT_OPTIMIZATION_LEVEL = "-Onone";
			};
			name = Alpha;
		};
		385F80102AC4883100D4B275 /* Alpha */ = {
			isa = XCBuildConfiguration;
			buildSettings = {
				ALWAYS_EMBED_SWIFT_STANDARD_LIBRARIES = YES;
				ASSETCATALOG_COMPILER_APPICON_NAME = AppIcon;
				ASSETCATALOG_COMPILER_GLOBAL_ACCENT_COLOR_NAME = AccentColor;
				CODE_SIGN_ENTITLEMENTS = CodeMaster/CodeMaster.entitlements;
				CODE_SIGN_STYLE = Automatic;
				COMBINE_HIDPI_IMAGES = YES;
				CURRENT_PROJECT_VERSION = 1;
				DEVELOPMENT_ASSET_PATHS = "\"CodeMaster/Preview Content\"";
				DEVELOPMENT_TEAM = W93RMB5CDG;
				ENABLE_HARDENED_RUNTIME = YES;
				ENABLE_PREVIEWS = YES;
				GENERATE_INFOPLIST_FILE = YES;
				INFOPLIST_KEY_LSApplicationCategoryType = "public.app-category.developer-tools";
				INFOPLIST_KEY_NSHumanReadableCopyright = "";
				LD_RUNPATH_SEARCH_PATHS = (
					"$(inherited)",
					"@executable_path/../Frameworks",
				);
				MACOSX_DEPLOYMENT_TARGET = 14.0;
				MARKETING_VERSION = 1.0;
				PRODUCT_BUNDLE_IDENTIFIER = com.nhstudio.CodeMaster;
				PRODUCT_NAME = "$(TARGET_NAME)";
				SWIFT_EMIT_LOC_STRINGS = YES;
				SWIFT_VERSION = 5.0;
			};
			name = Alpha;
		};
		385F80112AC4883100D4B275 /* Alpha */ = {
			isa = XCBuildConfiguration;
			buildSettings = {
				ALWAYS_EMBED_SWIFT_STANDARD_LIBRARIES = YES;
				BUNDLE_LOADER = "$(TEST_HOST)";
				CODE_SIGN_STYLE = Automatic;
				CURRENT_PROJECT_VERSION = 1;
				DEVELOPMENT_TEAM = W93RMB5CDG;
				GENERATE_INFOPLIST_FILE = YES;
				MACOSX_DEPLOYMENT_TARGET = 14.0;
				MARKETING_VERSION = 1.0;
				PRODUCT_BUNDLE_IDENTIFIER = com.nhstudio.CodeMasterTests;
				PRODUCT_NAME = "$(TARGET_NAME)";
				SWIFT_EMIT_LOC_STRINGS = NO;
				SWIFT_VERSION = 5.0;
				TEST_HOST = "$(BUILT_PRODUCTS_DIR)/CodeMaster.app/$(BUNDLE_EXECUTABLE_FOLDER_PATH)/CodeMaster";
			};
			name = Alpha;
		};
		385F80122AC4883100D4B275 /* Alpha */ = {
			isa = XCBuildConfiguration;
			buildSettings = {
				ALWAYS_EMBED_SWIFT_STANDARD_LIBRARIES = YES;
				CODE_SIGN_STYLE = Automatic;
				CURRENT_PROJECT_VERSION = 1;
				DEVELOPMENT_TEAM = W93RMB5CDG;
				GENERATE_INFOPLIST_FILE = YES;
				MACOSX_DEPLOYMENT_TARGET = 14.0;
				MARKETING_VERSION = 1.0;
				PRODUCT_BUNDLE_IDENTIFIER = com.nhstudio.CodeMasterUITests;
				PRODUCT_NAME = "$(TARGET_NAME)";
				SWIFT_EMIT_LOC_STRINGS = NO;
				SWIFT_VERSION = 5.0;
				TEST_TARGET_NAME = CodeMaster;
			};
			name = Alpha;
		};
		385F80132AC4883100D4B275 /* Alpha */ = {
			isa = XCBuildConfiguration;
			buildSettings = {
				CODE_SIGN_ENTITLEMENTS = OpenWithCodeMaster/OpenWithCodeMaster.entitlements;
				CODE_SIGN_STYLE = Automatic;
				COMBINE_HIDPI_IMAGES = YES;
				CURRENT_PROJECT_VERSION = 1;
				DEVELOPMENT_TEAM = W93RMB5CDG;
				ENABLE_HARDENED_RUNTIME = YES;
				GENERATE_INFOPLIST_FILE = YES;
				INFOPLIST_FILE = OpenWithCodeMaster/Info.plist;
				INFOPLIST_KEY_CFBundleDisplayName = OpenWithCodeMaster;
				INFOPLIST_KEY_NSHumanReadableCopyright = "";
				LD_RUNPATH_SEARCH_PATHS = (
					"$(inherited)",
					"@executable_path/../Frameworks",
					"@executable_path/../../../../Frameworks",
				);
				MACOSX_DEPLOYMENT_TARGET = 14.0;
				MARKETING_VERSION = 1.0;
				PRODUCT_BUNDLE_IDENTIFIER = com.nhstudio.CodeMaster.OpenWithCodeMaster;
				PRODUCT_NAME = "$(TARGET_NAME)";
				SKIP_INSTALL = YES;
				SWIFT_EMIT_LOC_STRINGS = YES;
				SWIFT_VERSION = 5.0;
			};
			name = Alpha;
		};
		38F09F572AB5F416005AD507 /* Debug */ = {
			isa = XCBuildConfiguration;
			baseConfigurationReference = 381045EF2AB745E100432F68 /* Debug.xcconfig */;
			buildSettings = {
				ALWAYS_SEARCH_USER_PATHS = NO;
				ASSETCATALOG_COMPILER_GENERATE_SWIFT_ASSET_SYMBOL_EXTENSIONS = YES;
				CLANG_ANALYZER_NONNULL = YES;
				CLANG_ANALYZER_NUMBER_OBJECT_CONVERSION = YES_AGGRESSIVE;
				CLANG_CXX_LANGUAGE_STANDARD = "gnu++20";
				CLANG_ENABLE_MODULES = YES;
				CLANG_ENABLE_OBJC_ARC = YES;
				CLANG_ENABLE_OBJC_WEAK = YES;
				CLANG_WARN_BLOCK_CAPTURE_AUTORELEASING = YES;
				CLANG_WARN_BOOL_CONVERSION = YES;
				CLANG_WARN_COMMA = YES;
				CLANG_WARN_CONSTANT_CONVERSION = YES;
				CLANG_WARN_DEPRECATED_OBJC_IMPLEMENTATIONS = YES;
				CLANG_WARN_DIRECT_OBJC_ISA_USAGE = YES_ERROR;
				CLANG_WARN_DOCUMENTATION_COMMENTS = YES;
				CLANG_WARN_EMPTY_BODY = YES;
				CLANG_WARN_ENUM_CONVERSION = YES;
				CLANG_WARN_INFINITE_RECURSION = YES;
				CLANG_WARN_INT_CONVERSION = YES;
				CLANG_WARN_NON_LITERAL_NULL_CONVERSION = YES;
				CLANG_WARN_OBJC_IMPLICIT_RETAIN_SELF = YES;
				CLANG_WARN_OBJC_LITERAL_CONVERSION = YES;
				CLANG_WARN_OBJC_ROOT_CLASS = YES_ERROR;
				CLANG_WARN_QUOTED_INCLUDE_IN_FRAMEWORK_HEADER = YES;
				CLANG_WARN_RANGE_LOOP_ANALYSIS = YES;
				CLANG_WARN_STRICT_PROTOTYPES = YES;
				CLANG_WARN_SUSPICIOUS_MOVE = YES;
				CLANG_WARN_UNGUARDED_AVAILABILITY = YES_AGGRESSIVE;
				CLANG_WARN_UNREACHABLE_CODE = YES;
				CLANG_WARN__DUPLICATE_METHOD_MATCH = YES;
				COPY_PHASE_STRIP = NO;
				DEBUG_INFORMATION_FORMAT = dwarf;
				ENABLE_STRICT_OBJC_MSGSEND = YES;
				ENABLE_TESTABILITY = YES;
				ENABLE_USER_SCRIPT_SANDBOXING = YES;
				GCC_C_LANGUAGE_STANDARD = gnu17;
				GCC_DYNAMIC_NO_PIC = NO;
				GCC_NO_COMMON_BLOCKS = YES;
				GCC_OPTIMIZATION_LEVEL = 0;
				GCC_PREPROCESSOR_DEFINITIONS = (
					"DEBUG=1",
					"$(inherited)",
				);
				GCC_WARN_64_TO_32_BIT_CONVERSION = YES;
				GCC_WARN_ABOUT_RETURN_TYPE = YES_ERROR;
				GCC_WARN_UNDECLARED_SELECTOR = YES;
				GCC_WARN_UNINITIALIZED_AUTOS = YES_AGGRESSIVE;
				GCC_WARN_UNUSED_FUNCTION = YES;
				GCC_WARN_UNUSED_VARIABLE = YES;
				LOCALIZATION_PREFERS_STRING_CATALOGS = YES;
				MACOSX_DEPLOYMENT_TARGET = 14.0;
				MTL_ENABLE_DEBUG_INFO = INCLUDE_SOURCE;
				MTL_FAST_MATH = YES;
				ONLY_ACTIVE_ARCH = YES;
				SDKROOT = macosx;
				SWIFT_ACTIVE_COMPILATION_CONDITIONS = "DEBUG $(inherited)";
				SWIFT_OPTIMIZATION_LEVEL = "-Onone";
			};
			name = Debug;
		};
		38F09F582AB5F416005AD507 /* Release */ = {
			isa = XCBuildConfiguration;
			baseConfigurationReference = 381045F02AB7460F00432F68 /* Release.xcconfig */;
			buildSettings = {
				ALWAYS_SEARCH_USER_PATHS = NO;
				ASSETCATALOG_COMPILER_GENERATE_SWIFT_ASSET_SYMBOL_EXTENSIONS = YES;
				CLANG_ANALYZER_NONNULL = YES;
				CLANG_ANALYZER_NUMBER_OBJECT_CONVERSION = YES_AGGRESSIVE;
				CLANG_CXX_LANGUAGE_STANDARD = "gnu++20";
				CLANG_ENABLE_MODULES = YES;
				CLANG_ENABLE_OBJC_ARC = YES;
				CLANG_ENABLE_OBJC_WEAK = YES;
				CLANG_WARN_BLOCK_CAPTURE_AUTORELEASING = YES;
				CLANG_WARN_BOOL_CONVERSION = YES;
				CLANG_WARN_COMMA = YES;
				CLANG_WARN_CONSTANT_CONVERSION = YES;
				CLANG_WARN_DEPRECATED_OBJC_IMPLEMENTATIONS = YES;
				CLANG_WARN_DIRECT_OBJC_ISA_USAGE = YES_ERROR;
				CLANG_WARN_DOCUMENTATION_COMMENTS = YES;
				CLANG_WARN_EMPTY_BODY = YES;
				CLANG_WARN_ENUM_CONVERSION = YES;
				CLANG_WARN_INFINITE_RECURSION = YES;
				CLANG_WARN_INT_CONVERSION = YES;
				CLANG_WARN_NON_LITERAL_NULL_CONVERSION = YES;
				CLANG_WARN_OBJC_IMPLICIT_RETAIN_SELF = YES;
				CLANG_WARN_OBJC_LITERAL_CONVERSION = YES;
				CLANG_WARN_OBJC_ROOT_CLASS = YES_ERROR;
				CLANG_WARN_QUOTED_INCLUDE_IN_FRAMEWORK_HEADER = YES;
				CLANG_WARN_RANGE_LOOP_ANALYSIS = YES;
				CLANG_WARN_STRICT_PROTOTYPES = YES;
				CLANG_WARN_SUSPICIOUS_MOVE = YES;
				CLANG_WARN_UNGUARDED_AVAILABILITY = YES_AGGRESSIVE;
				CLANG_WARN_UNREACHABLE_CODE = YES;
				CLANG_WARN__DUPLICATE_METHOD_MATCH = YES;
				COPY_PHASE_STRIP = NO;
				DEBUG_INFORMATION_FORMAT = "dwarf-with-dsym";
				ENABLE_NS_ASSERTIONS = NO;
				ENABLE_STRICT_OBJC_MSGSEND = YES;
				ENABLE_USER_SCRIPT_SANDBOXING = YES;
				GCC_C_LANGUAGE_STANDARD = gnu17;
				GCC_NO_COMMON_BLOCKS = YES;
				GCC_WARN_64_TO_32_BIT_CONVERSION = YES;
				GCC_WARN_ABOUT_RETURN_TYPE = YES_ERROR;
				GCC_WARN_UNDECLARED_SELECTOR = YES;
				GCC_WARN_UNINITIALIZED_AUTOS = YES_AGGRESSIVE;
				GCC_WARN_UNUSED_FUNCTION = YES;
				GCC_WARN_UNUSED_VARIABLE = YES;
				LOCALIZATION_PREFERS_STRING_CATALOGS = YES;
				MACOSX_DEPLOYMENT_TARGET = 14.0;
				MTL_ENABLE_DEBUG_INFO = NO;
				MTL_FAST_MATH = YES;
				SDKROOT = macosx;
				SWIFT_COMPILATION_MODE = wholemodule;
			};
			name = Release;
		};
		38F09F5A2AB5F416005AD507 /* Debug */ = {
			isa = XCBuildConfiguration;
			buildSettings = {
				ALWAYS_EMBED_SWIFT_STANDARD_LIBRARIES = YES;
				ASSETCATALOG_COMPILER_APPICON_NAME = AppIcon;
				ASSETCATALOG_COMPILER_GLOBAL_ACCENT_COLOR_NAME = AccentColor;
				CODE_SIGN_ENTITLEMENTS = CodeMaster/CodeMaster.entitlements;
				CODE_SIGN_STYLE = Automatic;
				COMBINE_HIDPI_IMAGES = YES;
				CURRENT_PROJECT_VERSION = 1;
				DEVELOPMENT_ASSET_PATHS = "\"CodeMaster/Preview Content\"";
				DEVELOPMENT_TEAM = W93RMB5CDG;
				ENABLE_HARDENED_RUNTIME = YES;
				ENABLE_PREVIEWS = YES;
				GENERATE_INFOPLIST_FILE = YES;
				INFOPLIST_KEY_LSApplicationCategoryType = "public.app-category.developer-tools";
				INFOPLIST_KEY_NSHumanReadableCopyright = "";
				LD_RUNPATH_SEARCH_PATHS = (
					"$(inherited)",
					"@executable_path/../Frameworks",
				);
				MACOSX_DEPLOYMENT_TARGET = 14.0;
				MARKETING_VERSION = 1.0;
				PRODUCT_BUNDLE_IDENTIFIER = com.nhstudio.CodeMaster;
				PRODUCT_NAME = "$(TARGET_NAME)";
				SWIFT_EMIT_LOC_STRINGS = YES;
				SWIFT_VERSION = 5.0;
			};
			name = Debug;
		};
		38F09F5B2AB5F416005AD507 /* Release */ = {
			isa = XCBuildConfiguration;
			buildSettings = {
				ALWAYS_EMBED_SWIFT_STANDARD_LIBRARIES = YES;
				ASSETCATALOG_COMPILER_APPICON_NAME = AppIcon;
				ASSETCATALOG_COMPILER_GLOBAL_ACCENT_COLOR_NAME = AccentColor;
				CODE_SIGN_ENTITLEMENTS = CodeMaster/CodeMaster.entitlements;
				CODE_SIGN_STYLE = Automatic;
				COMBINE_HIDPI_IMAGES = YES;
				CURRENT_PROJECT_VERSION = 1;
				DEVELOPMENT_ASSET_PATHS = "\"CodeMaster/Preview Content\"";
				DEVELOPMENT_TEAM = W93RMB5CDG;
				ENABLE_HARDENED_RUNTIME = YES;
				ENABLE_PREVIEWS = YES;
				GENERATE_INFOPLIST_FILE = YES;
				INFOPLIST_KEY_LSApplicationCategoryType = "public.app-category.developer-tools";
				INFOPLIST_KEY_NSHumanReadableCopyright = "";
				LD_RUNPATH_SEARCH_PATHS = (
					"$(inherited)",
					"@executable_path/../Frameworks",
				);
				MACOSX_DEPLOYMENT_TARGET = 14.0;
				MARKETING_VERSION = 1.0;
				PRODUCT_BUNDLE_IDENTIFIER = com.nhstudio.CodeMaster;
				PRODUCT_NAME = "$(TARGET_NAME)";
				SWIFT_EMIT_LOC_STRINGS = YES;
				SWIFT_VERSION = 5.0;
			};
			name = Release;
		};
		38F09F5D2AB5F416005AD507 /* Debug */ = {
			isa = XCBuildConfiguration;
			buildSettings = {
				ALWAYS_EMBED_SWIFT_STANDARD_LIBRARIES = YES;
				BUNDLE_LOADER = "$(TEST_HOST)";
				CODE_SIGN_STYLE = Automatic;
				CURRENT_PROJECT_VERSION = 1;
				DEVELOPMENT_TEAM = W93RMB5CDG;
				GENERATE_INFOPLIST_FILE = YES;
				MACOSX_DEPLOYMENT_TARGET = 14.0;
				MARKETING_VERSION = 1.0;
				PRODUCT_BUNDLE_IDENTIFIER = com.nhstudio.CodeMasterTests;
				PRODUCT_NAME = "$(TARGET_NAME)";
				SWIFT_EMIT_LOC_STRINGS = NO;
				SWIFT_VERSION = 5.0;
				TEST_HOST = "$(BUILT_PRODUCTS_DIR)/CodeMaster.app/$(BUNDLE_EXECUTABLE_FOLDER_PATH)/CodeMaster";
			};
			name = Debug;
		};
		38F09F5E2AB5F416005AD507 /* Release */ = {
			isa = XCBuildConfiguration;
			buildSettings = {
				ALWAYS_EMBED_SWIFT_STANDARD_LIBRARIES = YES;
				BUNDLE_LOADER = "$(TEST_HOST)";
				CODE_SIGN_STYLE = Automatic;
				CURRENT_PROJECT_VERSION = 1;
				DEVELOPMENT_TEAM = W93RMB5CDG;
				GENERATE_INFOPLIST_FILE = YES;
				MACOSX_DEPLOYMENT_TARGET = 14.0;
				MARKETING_VERSION = 1.0;
				PRODUCT_BUNDLE_IDENTIFIER = com.nhstudio.CodeMasterTests;
				PRODUCT_NAME = "$(TARGET_NAME)";
				SWIFT_EMIT_LOC_STRINGS = NO;
				SWIFT_VERSION = 5.0;
				TEST_HOST = "$(BUILT_PRODUCTS_DIR)/CodeMaster.app/$(BUNDLE_EXECUTABLE_FOLDER_PATH)/CodeMaster";
			};
			name = Release;
		};
		38F09F602AB5F416005AD507 /* Debug */ = {
			isa = XCBuildConfiguration;
			buildSettings = {
				ALWAYS_EMBED_SWIFT_STANDARD_LIBRARIES = YES;
				CODE_SIGN_STYLE = Automatic;
				CURRENT_PROJECT_VERSION = 1;
				DEVELOPMENT_TEAM = W93RMB5CDG;
				GENERATE_INFOPLIST_FILE = YES;
				MACOSX_DEPLOYMENT_TARGET = 14.0;
				MARKETING_VERSION = 1.0;
				PRODUCT_BUNDLE_IDENTIFIER = com.nhstudio.CodeMasterUITests;
				PRODUCT_NAME = "$(TARGET_NAME)";
				SWIFT_EMIT_LOC_STRINGS = NO;
				SWIFT_VERSION = 5.0;
				TEST_TARGET_NAME = CodeMaster;
			};
			name = Debug;
		};
		38F09F612AB5F416005AD507 /* Release */ = {
			isa = XCBuildConfiguration;
			buildSettings = {
				ALWAYS_EMBED_SWIFT_STANDARD_LIBRARIES = YES;
				CODE_SIGN_STYLE = Automatic;
				CURRENT_PROJECT_VERSION = 1;
				DEVELOPMENT_TEAM = W93RMB5CDG;
				GENERATE_INFOPLIST_FILE = YES;
				MACOSX_DEPLOYMENT_TARGET = 14.0;
				MARKETING_VERSION = 1.0;
				PRODUCT_BUNDLE_IDENTIFIER = com.nhstudio.CodeMasterUITests;
				PRODUCT_NAME = "$(TARGET_NAME)";
				SWIFT_EMIT_LOC_STRINGS = NO;
				SWIFT_VERSION = 5.0;
				TEST_TARGET_NAME = CodeMaster;
			};
			name = Release;
		};
/* End XCBuildConfiguration section */

/* Begin XCConfigurationList section */
		381045E62AB73BDE00432F68 /* Build configuration list for PBXNativeTarget "OpenWithCodeMaster" */ = {
			isa = XCConfigurationList;
			buildConfigurations = (
				381045E72AB73BDE00432F68 /* Debug */,
				385F800E2AC4882400D4B275 /* Beta */,
				385F80132AC4883100D4B275 /* Alpha */,
				381045E82AB73BDE00432F68 /* Release */,
			);
			defaultConfigurationIsVisible = 0;
			defaultConfigurationName = Release;
		};
		38F09F2F2AB5F413005AD507 /* Build configuration list for PBXProject "CodeMaster" */ = {
			isa = XCConfigurationList;
			buildConfigurations = (
				38F09F572AB5F416005AD507 /* Debug */,
				385F800A2AC4882400D4B275 /* Beta */,
				385F800F2AC4883100D4B275 /* Alpha */,
				38F09F582AB5F416005AD507 /* Release */,
			);
			defaultConfigurationIsVisible = 0;
			defaultConfigurationName = Release;
		};
		38F09F592AB5F416005AD507 /* Build configuration list for PBXNativeTarget "CodeMaster" */ = {
			isa = XCConfigurationList;
			buildConfigurations = (
				38F09F5A2AB5F416005AD507 /* Debug */,
				385F800B2AC4882400D4B275 /* Beta */,
				385F80102AC4883100D4B275 /* Alpha */,
				38F09F5B2AB5F416005AD507 /* Release */,
			);
			defaultConfigurationIsVisible = 0;
			defaultConfigurationName = Release;
		};
		38F09F5C2AB5F416005AD507 /* Build configuration list for PBXNativeTarget "CodeMasterTests" */ = {
			isa = XCConfigurationList;
			buildConfigurations = (
				38F09F5D2AB5F416005AD507 /* Debug */,
				385F800C2AC4882400D4B275 /* Beta */,
				385F80112AC4883100D4B275 /* Alpha */,
				38F09F5E2AB5F416005AD507 /* Release */,
			);
			defaultConfigurationIsVisible = 0;
			defaultConfigurationName = Release;
		};
		38F09F5F2AB5F416005AD507 /* Build configuration list for PBXNativeTarget "CodeMasterUITests" */ = {
			isa = XCConfigurationList;
			buildConfigurations = (
				38F09F602AB5F416005AD507 /* Debug */,
				385F800D2AC4882400D4B275 /* Beta */,
				385F80122AC4883100D4B275 /* Alpha */,
				38F09F612AB5F416005AD507 /* Release */,
			);
			defaultConfigurationIsVisible = 0;
			defaultConfigurationName = Release;
		};
/* End XCConfigurationList section */

/* Begin XCRemoteSwiftPackageReference section */
		381045C32AB73A9700432F68 /* XCRemoteSwiftPackageReference "CodeMaster-Version-Control-Kit" */ = {
			isa = XCRemoteSwiftPackageReference;
			repositoryURL = "https://github.com/CodeMasterApp/CodeMaster-Version-Control-Kit";
			requirement = {
				branch = main;
				kind = branch;
			};
		};
		3833AB9B2AB77DA200D806C6 /* XCRemoteSwiftPackageReference "Glob" */ = {
			isa = XCRemoteSwiftPackageReference;
			repositoryURL = "https://github.com/Bouke/Glob/";
			requirement = {
				kind = upToNextMajorVersion;
				minimumVersion = 1.0.5;
			};
		};
		3833AB9E2AB77E2400D806C6 /* XCRemoteSwiftPackageReference "swift-snapshot-testing" */ = {
			isa = XCRemoteSwiftPackageReference;
			repositoryURL = "https://github.com/pointfreeco/swift-snapshot-testing/";
			requirement = {
				kind = upToNextMajorVersion;
				minimumVersion = 1.13.0;
			};
		};
		383527642AB62AE200E2DD12 /* XCRemoteSwiftPackageReference "SwiftTerm" */ = {
			isa = XCRemoteSwiftPackageReference;
			repositoryURL = "https://github.com/migueldeicaza/SwiftTerm.git";
			requirement = {
				kind = upToNextMajorVersion;
				minimumVersion = 1.2.5;
			};
		};
		385CD4322AB608340004A323 /* XCRemoteSwiftPackageReference "CodeMasterSymbols" */ = {
			isa = XCRemoteSwiftPackageReference;
			repositoryURL = "https://github.com/CodeMasterApp/CodeMasterSymbols";
			requirement = {
				branch = main;
				kind = branch;
			};
		};
		3881EB3D2ABEF591002C09EA /* XCRemoteSwiftPackageReference "Sparkle" */ = {
			isa = XCRemoteSwiftPackageReference;
			repositoryURL = "https://github.com/sparkle-project/Sparkle";
			requirement = {
				kind = upToNextMajorVersion;
				minimumVersion = 2.5.0;
			};
		};
		38B1D00D2AB772F30088A744 /* XCRemoteSwiftPackageReference "SwiftUI-WindowManagement" */ = {
			isa = XCRemoteSwiftPackageReference;
			repositoryURL = "https://github.com/Wouter01/SwiftUI-WindowManagement/";
			requirement = {
				kind = upToNextMajorVersion;
				minimumVersion = 2.1.1;
			};
		};
		38B1D0102AB773750088A744 /* XCRemoteSwiftPackageReference "AnyCodable" */ = {
			isa = XCRemoteSwiftPackageReference;
			repositoryURL = "https://github.com/Flight-School/AnyCodable/";
			requirement = {
				kind = upToNextMajorVersion;
				minimumVersion = 0.6.7;
			};
		};
		38DD39872AC4AB4800EE1214 /* XCRemoteSwiftPackageReference "CMLLDB" */ = {
			isa = XCRemoteSwiftPackageReference;
			repositoryURL = "https://github.com/CodeMasterApp/CMLLDB";
			requirement = {
				branch = main;
				kind = branch;
			};
		};
		38EF62722ABEFF2A006A3D56 /* XCRemoteSwiftPackageReference "CMLiveCollab" */ = {
			isa = XCRemoteSwiftPackageReference;
			repositoryURL = "https://github.com/CodeMasterApp/CMLiveCollab";
			requirement = {
				branch = main;
				kind = branch;
			};
		};
/* End XCRemoteSwiftPackageReference section */

/* Begin XCSwiftPackageProductDependency section */
		381045C42AB73A9700432F68 /* CodeMaster-Version-Control-Kit */ = {
			isa = XCSwiftPackageProductDependency;
			package = 381045C32AB73A9700432F68 /* XCRemoteSwiftPackageReference "CodeMaster-Version-Control-Kit" */;
			productName = "CodeMaster-Version-Control-Kit";
		};
		3833AB9C2AB77DA200D806C6 /* Glob */ = {
			isa = XCSwiftPackageProductDependency;
			package = 3833AB9B2AB77DA200D806C6 /* XCRemoteSwiftPackageReference "Glob" */;
			productName = Glob;
		};
		3833AB9F2AB77E2400D806C6 /* InlineSnapshotTesting */ = {
			isa = XCSwiftPackageProductDependency;
			package = 3833AB9E2AB77E2400D806C6 /* XCRemoteSwiftPackageReference "swift-snapshot-testing" */;
			productName = InlineSnapshotTesting;
		};
		3833ABA12AB77E2400D806C6 /* SnapshotTesting */ = {
			isa = XCSwiftPackageProductDependency;
			package = 3833AB9E2AB77E2400D806C6 /* XCRemoteSwiftPackageReference "swift-snapshot-testing" */;
			productName = SnapshotTesting;
		};
		383527652AB62AE200E2DD12 /* SwiftTerm */ = {
			isa = XCSwiftPackageProductDependency;
			package = 383527642AB62AE200E2DD12 /* XCRemoteSwiftPackageReference "SwiftTerm" */;
			productName = SwiftTerm;
		};
		383527672AB62AE200E2DD12 /* SwiftTermFuzz */ = {
			isa = XCSwiftPackageProductDependency;
			package = 383527642AB62AE200E2DD12 /* XCRemoteSwiftPackageReference "SwiftTerm" */;
			productName = SwiftTermFuzz;
		};
		385CD4332AB608340004A323 /* CodeMasterSymbols */ = {
			isa = XCSwiftPackageProductDependency;
			package = 385CD4322AB608340004A323 /* XCRemoteSwiftPackageReference "CodeMasterSymbols" */;
			productName = CodeMasterSymbols;
		};
		3881EB3E2ABEF591002C09EA /* Sparkle */ = {
			isa = XCSwiftPackageProductDependency;
			package = 3881EB3D2ABEF591002C09EA /* XCRemoteSwiftPackageReference "Sparkle" */;
			productName = Sparkle;
		};
		38B1D00E2AB772F30088A744 /* WindowManagement */ = {
			isa = XCSwiftPackageProductDependency;
			package = 38B1D00D2AB772F30088A744 /* XCRemoteSwiftPackageReference "SwiftUI-WindowManagement" */;
			productName = WindowManagement;
		};
		38B1D0112AB773750088A744 /* AnyCodable */ = {
			isa = XCSwiftPackageProductDependency;
			package = 38B1D0102AB773750088A744 /* XCRemoteSwiftPackageReference "AnyCodable" */;
			productName = AnyCodable;
		};
		38DD39882AC4AB4800EE1214 /* CMLLDB */ = {
			isa = XCSwiftPackageProductDependency;
			package = 38DD39872AC4AB4800EE1214 /* XCRemoteSwiftPackageReference "CMLLDB" */;
			productName = CMLLDB;
		};
		38EF62732ABEFF2A006A3D56 /* CMLiveCollab */ = {
			isa = XCSwiftPackageProductDependency;
			package = 38EF62722ABEFF2A006A3D56 /* XCRemoteSwiftPackageReference "CMLiveCollab" */;
			productName = CMLiveCollab;
		};
/* End XCSwiftPackageProductDependency section */
	};
	rootObject = 38F09F2C2AB5F413005AD507 /* Project object */;
}
