{
  "pins" : [
    {
      "identity" : "anycodable",
      "kind" : "remoteSourceControl",
      "location" : "https://github.com/Flight-School/AnyCodable/",
      "state" : {
        "revision" : "862808b2070cd908cb04f9aafe7de83d35f81b05",
        "version" : "0.6.7"
      }
    },
    {
      "identity" : "cmlivecollab",
      "kind" : "remoteSourceControl",
      "location" : "https://github.com/CodeMasterApp/CMLiveCollab",
      "state" : {
        "branch" : "main",
        "revision" : "f4c18078a7e49a90d7dbe8ad9459ecddd5691bb2"
      }
    },
    {
      "identity" : "cmlldb",
      "kind" : "remoteSourceControl",
      "location" : "https://github.com/CodeMasterApp/CMLLDB",
      "state" : {
        "branch" : "main",
        "revision" : "76678263d87bc57732dafb662d95cce3b4458ab3"
      }
    },
    {
      "identity" : "codemaster-version-control-kit",
      "kind" : "remoteSourceControl",
      "location" : "https://github.com/CodeMasterApp/CodeMaster-Version-Control-Kit",
      "state" : {
        "branch" : "main",
        "revision" : "dd574646efe16693d80d92976b248cc443c55d8b"
      }
    },
    {
      "identity" : "codemastersymbols",
      "kind" : "remoteSourceControl",
      "location" : "https://github.com/CodeMasterApp/CodeMasterSymbols",
      "state" : {
        "branch" : "main",
        "revision" : "a3fe02c850ebc93e7e9709feaac4725c606d3a9d"
      }
    },
    {
      "identity" : "codemastertextview",
      "kind" : "remoteSourceControl",
      "location" : "https://github.com/CodeMasterApp/CodeMasterTextView",
      "state" : {
        "branch" : "main",
        "revision" : "ec5eee5e00d1a88f1bdb9eba8112ee47bf35af65"
      }
    },
    {
      "identity" : "glob",
      "kind" : "remoteSourceControl",
      "location" : "https://github.com/Bouke/Glob/",
      "state" : {
        "revision" : "deda6e163d2ff2a8d7e138e2c3326dbd71157faf",
        "version" : "1.0.5"
      }
    },
    {
      "identity" : "mainoffender",
      "kind" : "remoteSourceControl",
      "location" : "https://github.com/mattmassicotte/MainOffender",
      "state" : {
        "revision" : "343cc3797618c29b48b037b4e2beea0664e75315",
        "version" : "0.1.0"
      }
    },
    {
      "identity" : "rearrange",
      "kind" : "remoteSourceControl",
      "location" : "https://github.com/ChimeHQ/Rearrange",
      "state" : {
        "revision" : "0fb658e721c68495f6340c211cc6d4719e6b52d8",
        "version" : "1.6.0"
      }
    },
    {
      "identity" : "sparkle",
      "kind" : "remoteSourceControl",
      "location" : "https://github.com/sparkle-project/Sparkle",
      "state" : {
        "revision" : "f0ceaf5cc9f3f23daa0ccb6dcebd79fc96ccc7d9",
        "version" : "2.5.0"
      }
    },
    {
      "identity" : "sttextview",
      "kind" : "remoteSourceControl",
      "location" : "https://github.com/krzyzanowskim/STTextView.git",
      "state" : {
        "revision" : "1046965bd62dc05cf17beb4b4e901cdae851395e",
        "version" : "0.8.7"
      }
    },
    {
      "identity" : "swift-snapshot-testing",
      "kind" : "remoteSourceControl",
      "location" : "https://github.com/pointfreeco/swift-snapshot-testing/",
      "state" : {
        "revision" : "696b86a6d151578bca7c1a2a3ed419a5f834d40f",
        "version" : "1.13.0"
      }
    },
    {
      "identity" : "swift-syntax",
      "kind" : "remoteSourceControl",
      "location" : "https://github.com/apple/swift-syntax.git",
      "state" : {
        "revision" : "74203046135342e4a4a627476dd6caf8b28fe11b",
        "version" : "509.0.0"
      }
    },
    {
      "identity" : "swiftlintplugin",
      "kind" : "remoteSourceControl",
      "location" : "https://github.com/lukepistrol/SwiftLintPlugin",
      "state" : {
        "revision" : "ea918d6d5988407b24c2efad7722560752b1638a",
        "version" : "0.53.0"
      }
    },
    {
      "identity" : "swiftterm",
      "kind" : "remoteSourceControl",
      "location" : "https://github.com/migueldeicaza/SwiftTerm.git",
      "state" : {
        "revision" : "e2b431dbf73f775fb4807a33e4572ffd3dc6933a",
        "version" : "1.2.5"
      }
    },
    {
      "identity" : "swiftui-windowmanagement",
      "kind" : "remoteSourceControl",
      "location" : "https://github.com/Wouter01/SwiftUI-WindowManagement/",
      "state" : {
        "revision" : "adbebf5d7df325f3d7bf07dc832e5e162a9003f5",
        "version" : "2.1.1"
      }
    },
    {
      "identity" : "textformation",
      "kind" : "remoteSourceControl",
      "location" : "https://github.com/ChimeHQ/TextFormation",
      "state" : {
        "revision" : "b4987856bc860643ac2c9cdbc7d5f3e9ade68377",
        "version" : "0.8.1"
      }
    },
    {
      "identity" : "textstory",
      "kind" : "remoteSourceControl",
      "location" : "https://github.com/ChimeHQ/TextStory",
      "state" : {
        "revision" : "8883fa739aa213e70e6cb109bfbf0a0b551e4cb5",
        "version" : "0.8.0"
      }
    }
  ],
  "version" : 2
}
