{
  "pins" : [
    {
      "identity" : "anycodable",
      "kind" : "remoteSourceControl",
      "location" : "https://github.com/Flight-School/AnyCodable/",
      "state" : {
        "revision" : "862808b2070cd908cb04f9aafe7de83d35f81b05",
        "version" : "0.6.7"
      }
    },
    {
      "identity" : "cmlivecollab",
      "kind" : "remoteSourceControl",
      "location" : "https://github.com/CodeMasterApp/CMLiveCollab",
      "state" : {
        "branch" : "main",
        "revision" : "f4c18078a7e49a90d7dbe8ad9459ecddd5691bb2"
      }
    },
    {
      "identity" : "cmlldb",
      "kind" : "remoteSourceControl",
      "location" : "https://github.com/CodeMasterApp/CMLLDB",
      "state" : {
        "branch" : "main",
        "revision" : "c58cf9fe934eb7d0d8a4852e2786deb27bcc4754"
      }
    },
    {
      "identity" : "codemaster-version-control-kit",
      "kind" : "remoteSourceControl",
      "location" : "https://github.com/CodeMasterApp/CodeMaster-Version-Control-Kit",
      "state" : {
        "branch" : "main",
        "revision" : "dd574646efe16693d80d92976b248cc443c55d8b"
      }
    },
    {
      "identity" : "codemastersymbols",
      "kind" : "remoteSourceControl",
      "location" : "https://github.com/CodeMasterApp/CodeMasterSymbols",
      "state" : {
        "branch" : "main",
        "revision" : "a3fe02c850ebc93e7e9709feaac4725c606d3a9d"
      }
    },
    {
      "identity" : "codemastertextview",
      "kind" : "remoteSourceControl",
      "location" : "https://github.com/CodeMasterApp/CodeMasterTextView",
      "state" : {
        "branch" : "main",
        "revision" : "c3b0ab001398aeaaf2f132a932ab1bdfce256837"
      }
    },
    {
      "identity" : "glob",
      "kind" : "remoteSourceControl",
      "location" : "https://github.com/Bouke/Glob/",
      "state" : {
        "revision" : "deda6e163d2ff2a8d7e138e2c3326dbd71157faf",
        "version" : "1.0.5"
      }
    },
    {
      "identity" : "sparkle",
      "kind" : "remoteSourceControl",
      "location" : "https://github.com/sparkle-project/Sparkle",
      "state" : {
        "revision" : "f0ceaf5cc9f3f23daa0ccb6dcebd79fc96ccc7d9",
        "version" : "2.5.0"
      }
    },
    {
      "identity" : "swift-snapshot-testing",
      "kind" : "remoteSourceControl",
      "location" : "https://github.com/pointfreeco/swift-snapshot-testing/",
      "state" : {
        "revision" : "696b86a6d151578bca7c1a2a3ed419a5f834d40f",
        "version" : "1.13.0"
      }
    },
    {
      "identity" : "swift-syntax",
      "kind" : "remoteSourceControl",
      "location" : "https://github.com/apple/swift-syntax.git",
      "state" : {
        "revision" : "74203046135342e4a4a627476dd6caf8b28fe11b",
        "version" : "509.0.0"
      }
    },
    {
      "identity" : "swiftterm",
      "kind" : "remoteSourceControl",
      "location" : "https://github.com/migueldeicaza/SwiftTerm.git",
      "state" : {
        "revision" : "e2b431dbf73f775fb4807a33e4572ffd3dc6933a",
        "version" : "1.2.5"
      }
    },
    {
      "identity" : "swiftui-windowmanagement",
      "kind" : "remoteSourceControl",
      "location" : "https://github.com/Wouter01/SwiftUI-WindowManagement/",
      "state" : {
        "revision" : "adbebf5d7df325f3d7bf07dc832e5e162a9003f5",
        "version" : "2.1.1"
      }
    }
  ],
  "version" : 2
}
